// !$*UTF8*$!
{
	archiveVersion = 1;
	classes = {
	};
	objectVersion = 51;
	objects = {

/* Begin PBXBuildFile section */
		262341BEFD5583B8D97949B3 /* Pods_HappyDay.framework in Frameworks */ = {isa = PBXBuildFile; fileRef = 394C0000A8A79953D7D4C0CA /* Pods_HappyDay.framework */; };
		6732AE3523DCF3A6009A495C /* profilePageViewController.swift in Sources */ = {isa = PBXBuildFile; fileRef = 6732AE3423DCF3A6009A495C /* profilePageViewController.swift */; };
		6732AE3923DCFF95009A495C /* profileContentVC.swift in Sources */ = {isa = PBXBuildFile; fileRef = 6732AE3823DCFF95009A495C /* profileContentVC.swift */; };
		6741F470246AD64C007E9B93 /* GoogleService-Info.plist in Resources */ = {isa = PBXBuildFile; fileRef = 6741F46F246AD64B007E9B93 /* GoogleService-Info.plist */; };
		674B9DA823D68F8400FD2C48 /* ChatViewController.swift in Sources */ = {isa = PBXBuildFile; fileRef = 674B9DA723D68DDD00FD2C48 /* ChatViewController.swift */; };
		674B9DA923D68F8400FD2C48 /* AdvancedExampleViewController.swift in Sources */ = {isa = PBXBuildFile; fileRef = 674B9DA623D68DDC00FD2C48 /* AdvancedExampleViewController.swift */; };
		676B8BAB246C366A00BFF39D /* selfEvaluationCell.swift in Sources */ = {isa = PBXBuildFile; fileRef = 676B8BA9246C366A00BFF39D /* selfEvaluationCell.swift */; };
		676B8BAC246C366A00BFF39D /* selfEvaluationCell.xib in Resources */ = {isa = PBXBuildFile; fileRef = 676B8BAA246C366A00BFF39D /* selfEvaluationCell.xib */; };
		6775361723CC1DB7003B844E /* AppDelegate.swift in Sources */ = {isa = PBXBuildFile; fileRef = 6775361623CC1DB7003B844E /* AppDelegate.swift */; };
		6775361923CC1DB7003B844E /* SceneDelegate.swift in Sources */ = {isa = PBXBuildFile; fileRef = 6775361823CC1DB7003B844E /* SceneDelegate.swift */; };
		6775361B23CC1DB7003B844E /* profileVC.swift in Sources */ = {isa = PBXBuildFile; fileRef = 6775361A23CC1DB7003B844E /* profileVC.swift */; };
		6775361E23CC1DB7003B844E /* Main.storyboard in Resources */ = {isa = PBXBuildFile; fileRef = 6775361C23CC1DB7003B844E /* Main.storyboard */; };
		6775362023CC1DBE003B844E /* Assets.xcassets in Resources */ = {isa = PBXBuildFile; fileRef = 6775361F23CC1DBE003B844E /* Assets.xcassets */; };
		6775362323CC1DBE003B844E /* LaunchScreen.storyboard in Resources */ = {isa = PBXBuildFile; fileRef = 6775362123CC1DBE003B844E /* LaunchScreen.storyboard */; };
		6775362E23CC1DBE003B844E /* HappyDayTests.swift in Sources */ = {isa = PBXBuildFile; fileRef = 6775362D23CC1DBE003B844E /* HappyDayTests.swift */; };
		6775363923CC1DBE003B844E /* HappyDayUITests.swift in Sources */ = {isa = PBXBuildFile; fileRef = 6775363823CC1DBE003B844E /* HappyDayUITests.swift */; };
		6780C8CB23CC26E000A54733 /* FirstPageVC.swift in Sources */ = {isa = PBXBuildFile; fileRef = 6780C8CA23CC26E000A54733 /* FirstPageVC.swift */; };
		6780C8CD23CC4E5C00A54733 /* firstCollectionCell.swift in Sources */ = {isa = PBXBuildFile; fileRef = 6780C8CC23CC4E5C00A54733 /* firstCollectionCell.swift */; };
		6780C8CF23CC63CC00A54733 /* RoundButton.swift in Sources */ = {isa = PBXBuildFile; fileRef = 6780C8CE23CC63CC00A54733 /* RoundButton.swift */; };
		6780C8D623CCD1A400A54733 /* loginVC.swift in Sources */ = {isa = PBXBuildFile; fileRef = 6780C8D523CCD1A400A54733 /* loginVC.swift */; };
		6780C8DA23CCE2F900A54733 /* DesinableView.swift in Sources */ = {isa = PBXBuildFile; fileRef = 6780C8D923CCE2F900A54733 /* DesinableView.swift */; };
		6780C8DC23CCF76800A54733 /* selectDomainVC.swift in Sources */ = {isa = PBXBuildFile; fileRef = 6780C8DB23CCF76800A54733 /* selectDomainVC.swift */; };
		6780C8DE23CCF7A500A54733 /* signUpVC.swift in Sources */ = {isa = PBXBuildFile; fileRef = 6780C8DD23CCF7A500A54733 /* signUpVC.swift */; };
		6780C8E023CD0E9F00A54733 /* CustomTableViewCell.swift in Sources */ = {isa = PBXBuildFile; fileRef = 6780C8DF23CD0E9F00A54733 /* CustomTableViewCell.swift */; };
		6780C90123CD6DD500A54733 /* MyCustomCell.xib in Resources */ = {isa = PBXBuildFile; fileRef = 6780C90023CD6DD500A54733 /* MyCustomCell.xib */; };
		6780C90323CDF45100A54733 /* facebookLoginVC.swift in Sources */ = {isa = PBXBuildFile; fileRef = 6780C90223CDF45100A54733 /* facebookLoginVC.swift */; };
		6783EBC523D7C2B1009DC0A3 /* pointChangeVC.swift in Sources */ = {isa = PBXBuildFile; fileRef = 6783EBC423D7C2B1009DC0A3 /* pointChangeVC.swift */; };
		6783EBC723D7DB2C009DC0A3 /* paymentStartVC.swift in Sources */ = {isa = PBXBuildFile; fileRef = 6783EBC623D7DB2C009DC0A3 /* paymentStartVC.swift */; };
		6783EBC923D7F3E7009DC0A3 /* BottomeSelectVC.swift in Sources */ = {isa = PBXBuildFile; fileRef = 6783EBC823D7F3E7009DC0A3 /* BottomeSelectVC.swift */; };
		6783EBD323D7FB3C009DC0A3 /* BottomPopupUtils.swift in Sources */ = {isa = PBXBuildFile; fileRef = 6783EBCB23D7FB3B009DC0A3 /* BottomPopupUtils.swift */; };
		6783EBD423D7FB3C009DC0A3 /* BottomPopupViewController.swift in Sources */ = {isa = PBXBuildFile; fileRef = 6783EBCC23D7FB3B009DC0A3 /* BottomPopupViewController.swift */; };
		6783EBD523D7FB3C009DC0A3 /* BottomPopupDismissInteractionController.swift in Sources */ = {isa = PBXBuildFile; fileRef = 6783EBCD23D7FB3B009DC0A3 /* BottomPopupDismissInteractionController.swift */; };
		6783EBD623D7FB3C009DC0A3 /* BottomPopupNavigationController.swift in Sources */ = {isa = PBXBuildFile; fileRef = 6783EBCE23D7FB3B009DC0A3 /* BottomPopupNavigationController.swift */; };
		6783EBD723D7FB3C009DC0A3 /* BottomPopupDismissAnimator.swift in Sources */ = {isa = PBXBuildFile; fileRef = 6783EBCF23D7FB3B009DC0A3 /* BottomPopupDismissAnimator.swift */; };
		6783EBD823D7FB3C009DC0A3 /* BottomPopupPresentAnimator.swift in Sources */ = {isa = PBXBuildFile; fileRef = 6783EBD023D7FB3B009DC0A3 /* BottomPopupPresentAnimator.swift */; };
		6783EBD923D7FB3C009DC0A3 /* BottomPopupTransitionHandler.swift in Sources */ = {isa = PBXBuildFile; fileRef = 6783EBD123D7FB3B009DC0A3 /* BottomPopupTransitionHandler.swift */; };
		6783EBDA23D7FB3C009DC0A3 /* BottomPopupPresentationController.swift in Sources */ = {isa = PBXBuildFile; fileRef = 6783EBD223D7FB3B009DC0A3 /* BottomPopupPresentationController.swift */; };
		6783EBDE23D7FBDF009DC0A3 /* MockMessage.swift in Sources */ = {isa = PBXBuildFile; fileRef = 6783EBDB23D7FBDD009DC0A3 /* MockMessage.swift */; };
		6783EBDF23D7FBDF009DC0A3 /* MockUser.swift in Sources */ = {isa = PBXBuildFile; fileRef = 6783EBDC23D7FBDE009DC0A3 /* MockUser.swift */; };
		6783EBE023D7FBDF009DC0A3 /* MockSocket.swift in Sources */ = {isa = PBXBuildFile; fileRef = 6783EBDD23D7FBDE009DC0A3 /* MockSocket.swift */; };
		6783EBE423D7FC7F009DC0A3 /* Lorem.swift in Sources */ = {isa = PBXBuildFile; fileRef = 6783EBE223D7FC7F009DC0A3 /* Lorem.swift */; };
		6783EBE523D7FC7F009DC0A3 /* SampleData.swift in Sources */ = {isa = PBXBuildFile; fileRef = 6783EBE323D7FC7F009DC0A3 /* SampleData.swift */; };
		6783EBEA23D7FD11009DC0A3 /* UIViewController+Extensions.swift in Sources */ = {isa = PBXBuildFile; fileRef = 6783EBE923D7FD10009DC0A3 /* UIViewController+Extensions.swift */; };
		6783EBEC23D7FD31009DC0A3 /* Settings+UserDefaults.swift in Sources */ = {isa = PBXBuildFile; fileRef = 6783EBEB23D7FD31009DC0A3 /* Settings+UserDefaults.swift */; };
		6783EBEF23D7FD59009DC0A3 /* CustomMessageFlowLayout.swift in Sources */ = {isa = PBXBuildFile; fileRef = 6783EBEE23D7FD58009DC0A3 /* CustomMessageFlowLayout.swift */; };
		6783EBF323D7FD8C009DC0A3 /* sound2.m4a in Resources */ = {isa = PBXBuildFile; fileRef = 6783EBF123D7FD8C009DC0A3 /* sound2.m4a */; };
		6783EBF423D7FD8C009DC0A3 /* sound1.m4a in Resources */ = {isa = PBXBuildFile; fileRef = 6783EBF223D7FD8C009DC0A3 /* sound1.m4a */; };
		6783EBF723D7FDB5009DC0A3 /* BasicAudioController.swift in Sources */ = {isa = PBXBuildFile; fileRef = 6783EBF623D7FDB4009DC0A3 /* BasicAudioController.swift */; };
		6783EBF923D7FE19009DC0A3 /* CustomCell.swift in Sources */ = {isa = PBXBuildFile; fileRef = 6783EBF823D7FE19009DC0A3 /* CustomCell.swift */; };
		678C199723D216B900906A8D /* DesinableImageView.swift in Sources */ = {isa = PBXBuildFile; fileRef = 678C199623D216B900906A8D /* DesinableImageView.swift */; };
		678C199923D25E4D00906A8D /* mainProfileVC.swift in Sources */ = {isa = PBXBuildFile; fileRef = 678C199823D25E4D00906A8D /* mainProfileVC.swift */; };
		678C199B23D26A3800906A8D /* mainProfileItemVC.swift in Sources */ = {isa = PBXBuildFile; fileRef = 678C199A23D26A3800906A8D /* mainProfileItemVC.swift */; };
		678C199E23D271B700906A8D /* profileItemTableViewCell.swift in Sources */ = {isa = PBXBuildFile; fileRef = 678C199C23D271B600906A8D /* profileItemTableViewCell.swift */; };
		678C199F23D271B700906A8D /* profileItemTableViewCell.xib in Resources */ = {isa = PBXBuildFile; fileRef = 678C199D23D271B600906A8D /* profileItemTableViewCell.xib */; };
		678C19A123D2C02800906A8D /* footVC.swift in Sources */ = {isa = PBXBuildFile; fileRef = 678C19A023D2C02700906A8D /* footVC.swift */; };
		678C19A423D39F2100906A8D /* footTableViewCell.swift in Sources */ = {isa = PBXBuildFile; fileRef = 678C19A223D39F2100906A8D /* footTableViewCell.swift */; };
		678C19A523D39F2100906A8D /* footTableViewCell.xib in Resources */ = {isa = PBXBuildFile; fileRef = 678C19A323D39F2100906A8D /* footTableViewCell.xib */; };
		678C19A723D3B74D00906A8D /* ignoreListVC.swift in Sources */ = {isa = PBXBuildFile; fileRef = 678C19A623D3B74D00906A8D /* ignoreListVC.swift */; };
		678C19A923D3BAD900906A8D /* friendListVC.swift in Sources */ = {isa = PBXBuildFile; fileRef = 678C19A823D3BAD900906A8D /* friendListVC.swift */; };
		678C19AB23D3BB8000906A8D /* memoListVC.swift in Sources */ = {isa = PBXBuildFile; fileRef = 678C19AA23D3BB8000906A8D /* memoListVC.swift */; };
		678C19AD23D3C4A800906A8D /* noSeeVC.swift in Sources */ = {isa = PBXBuildFile; fileRef = 678C19AC23D3C4A800906A8D /* noSeeVC.swift */; };
		678C19AF23D3CF1B00906A8D /* favoriteListVC.swift in Sources */ = {isa = PBXBuildFile; fileRef = 678C19AE23D3CF1B00906A8D /* favoriteListVC.swift */; };
		6792001C23CE18A500C4872B /* mainPageVC.swift in Sources */ = {isa = PBXBuildFile; fileRef = 6792001B23CE18A500C4872B /* mainPageVC.swift */; };
		6792001E23CE1C8400C4872B /* customTabBarVC.swift in Sources */ = {isa = PBXBuildFile; fileRef = 6792001D23CE1C8400C4872B /* customTabBarVC.swift */; };
		6792002323CE57CC00C4872B /* largeCollectionViewCell.swift in Sources */ = {isa = PBXBuildFile; fileRef = 6792002123CE57CC00C4872B /* largeCollectionViewCell.swift */; };
		6792002423CE57CC00C4872B /* largeCollectionViewCell.xib in Resources */ = {isa = PBXBuildFile; fileRef = 6792002223CE57CC00C4872B /* largeCollectionViewCell.xib */; };
		6792002723CE597100C4872B /* person.swift in Sources */ = {isa = PBXBuildFile; fileRef = 6792002623CE597100C4872B /* person.swift */; };
		6792002A23CE6D5500C4872B /* UIImageView.swift in Sources */ = {isa = PBXBuildFile; fileRef = 6792002923CE6D5500C4872B /* UIImageView.swift */; };
		6792002D23CE793900C4872B /* galleryCollectionViewCell.swift in Sources */ = {isa = PBXBuildFile; fileRef = 6792002B23CE793900C4872B /* galleryCollectionViewCell.swift */; };
		6792002E23CE793900C4872B /* galleryCollectionViewCell.xib in Resources */ = {isa = PBXBuildFile; fileRef = 6792002C23CE793900C4872B /* galleryCollectionViewCell.xib */; };
		6792003123CE804700C4872B /* listCollectionViewCell.swift in Sources */ = {isa = PBXBuildFile; fileRef = 6792002F23CE804700C4872B /* listCollectionViewCell.swift */; };
		6792003223CE804700C4872B /* listCollectionViewCell.xib in Resources */ = {isa = PBXBuildFile; fileRef = 6792003023CE804700C4872B /* listCollectionViewCell.xib */; };
		6792003423CE874400C4872B /* searchVC.swift in Sources */ = {isa = PBXBuildFile; fileRef = 6792003323CE874400C4872B /* searchVC.swift */; };
		6792003723CE8CAE00C4872B /* searchTableViewCell.swift in Sources */ = {isa = PBXBuildFile; fileRef = 6792003523CE8CAE00C4872B /* searchTableViewCell.swift */; };
		6792003823CE8CAE00C4872B /* searchTableViewCell.xib in Resources */ = {isa = PBXBuildFile; fileRef = 6792003623CE8CAE00C4872B /* searchTableViewCell.xib */; };
		6792003A23CEB1F700C4872B /* profileImageCollectionCell.swift in Sources */ = {isa = PBXBuildFile; fileRef = 6792003923CEB1F700C4872B /* profileImageCollectionCell.swift */; };
		6792003D23CF944300C4872B /* profileTableViewCell.swift in Sources */ = {isa = PBXBuildFile; fileRef = 6792003B23CF944300C4872B /* profileTableViewCell.swift */; };
		6792003E23CF944300C4872B /* profileTableViewCell.xib in Resources */ = {isa = PBXBuildFile; fileRef = 6792003C23CF944300C4872B /* profileTableViewCell.xib */; };
		6792004023CFA74400C4872B /* postVC.swift in Sources */ = {isa = PBXBuildFile; fileRef = 6792003F23CFA74400C4872B /* postVC.swift */; };
		6792004223CFA7EA00C4872B /* contentforpostVC.swift in Sources */ = {isa = PBXBuildFile; fileRef = 6792004123CFA7EA00C4872B /* contentforpostVC.swift */; };
		6792004923D00AEB00C4872B /* postTableViewCell.swift in Sources */ = {isa = PBXBuildFile; fileRef = 6792004723D00AEB00C4872B /* postTableViewCell.swift */; };
		6792004A23D00AEB00C4872B /* postTableViewCell.xib in Resources */ = {isa = PBXBuildFile; fileRef = 6792004823D00AEB00C4872B /* postTableViewCell.xib */; };
		6792004C23D0DF0700C4872B /* playnowVC.swift in Sources */ = {isa = PBXBuildFile; fileRef = 6792004B23D0DF0700C4872B /* playnowVC.swift */; };
		6792004E23D0EF0A00C4872B /* createpostVC.swift in Sources */ = {isa = PBXBuildFile; fileRef = 6792004D23D0EF0A00C4872B /* createpostVC.swift */; };
		6792005023D1067300C4872B /* searchTypeVC.swift in Sources */ = {isa = PBXBuildFile; fileRef = 6792004F23D1067300C4872B /* searchTypeVC.swift */; };
		6792005223D1207800C4872B /* chatBotVC.swift in Sources */ = {isa = PBXBuildFile; fileRef = 6792005123D1207800C4872B /* chatBotVC.swift */; };
		6792005423D123C000C4872B /* chatListVC.swift in Sources */ = {isa = PBXBuildFile; fileRef = 6792005323D123C000C4872B /* chatListVC.swift */; };
		6792005723D1249A00C4872B /* chatTableCell.swift in Sources */ = {isa = PBXBuildFile; fileRef = 6792005523D1249A00C4872B /* chatTableCell.swift */; };
		6792005823D1249A00C4872B /* chatTableCell.xib in Resources */ = {isa = PBXBuildFile; fileRef = 6792005623D1249A00C4872B /* chatTableCell.xib */; };
		6792005E23D1616000C4872B /* chatRoomVC.swift in Sources */ = {isa = PBXBuildFile; fileRef = 6792005D23D1616000C4872B /* chatRoomVC.swift */; };
		6792007723D168E600C4872B /* imageUploadVC.swift in Sources */ = {isa = PBXBuildFile; fileRef = 6792007623D168E600C4872B /* imageUploadVC.swift */; };
		6792007923D1F3CB00C4872B /* personalPageVC.swift in Sources */ = {isa = PBXBuildFile; fileRef = 6792007823D1F3CA00C4872B /* personalPageVC.swift */; };
		6792007C23D1F6E400C4872B /* personalPageCollectionCell.swift in Sources */ = {isa = PBXBuildFile; fileRef = 6792007A23D1F6E400C4872B /* personalPageCollectionCell.swift */; };
		6792007D23D1F6E400C4872B /* personalPageCollectionCell.xib in Resources */ = {isa = PBXBuildFile; fileRef = 6792007B23D1F6E400C4872B /* personalPageCollectionCell.xib */; };
		679FF84A23DAADD500C8BEDD /* message.swift in Sources */ = {isa = PBXBuildFile; fileRef = 679FF84923DAADD500C8BEDD /* message.swift */; };
		67A4B3FD23D84F4400F39C10 /* selectPaymentVC.swift in Sources */ = {isa = PBXBuildFile; fileRef = 67A4B3FC23D84F4400F39C10 /* selectPaymentVC.swift */; };
		67A4B3FF23D84F6500F39C10 /* paymentConfirmVC.swift in Sources */ = {isa = PBXBuildFile; fileRef = 67A4B3FE23D84F6500F39C10 /* paymentConfirmVC.swift */; };
		67A4B40123D901E800F39C10 /* addContentView.swift in Sources */ = {isa = PBXBuildFile; fileRef = 67A4B40023D901E800F39C10 /* addContentView.swift */; };
		67A4B40323D9021100F39C10 /* addContentView.xib in Resources */ = {isa = PBXBuildFile; fileRef = 67A4B40223D9021100F39C10 /* addContentView.xib */; };
		67F294E1246AE84E0036BA5C /* BaseVC.swift in Sources */ = {isa = PBXBuildFile; fileRef = 67F294E0246AE84E0036BA5C /* BaseVC.swift */; };
		67F294E4246AEA4E0036BA5C /* UserVM.swift in Sources */ = {isa = PBXBuildFile; fileRef = 67F294E3246AEA4E0036BA5C /* UserVM.swift */; };
		67F294E6246AEB7F0036BA5C /* AppConstants.swift in Sources */ = {isa = PBXBuildFile; fileRef = 67F294E5246AEB7F0036BA5C /* AppConstants.swift */; };
		67F294E8246AEC000036BA5C /* DataManager.swift in Sources */ = {isa = PBXBuildFile; fileRef = 67F294E7246AEC000036BA5C /* DataManager.swift */; };
		67F294F3246B0F5E0036BA5C /* FireBaseConstant.swift in Sources */ = {isa = PBXBuildFile; fileRef = 67F294F2246B0F5E0036BA5C /* FireBaseConstant.swift */; };
		67F294F5246B2ADD0036BA5C /* SettingVM.swift in Sources */ = {isa = PBXBuildFile; fileRef = 67F294F4246B2ADD0036BA5C /* SettingVM.swift */; };
		67F294F7246B9B3E0036BA5C /* Section.swift in Sources */ = {isa = PBXBuildFile; fileRef = 67F294F6246B9B3E0036BA5C /* Section.swift */; };
		67F294FA246BA2340036BA5C /* profileTableSectionCell.swift in Sources */ = {isa = PBXBuildFile; fileRef = 67F294F8246BA2340036BA5C /* profileTableSectionCell.swift */; };
		67F294FB246BA2340036BA5C /* profileTableSectionCell.xib in Resources */ = {isa = PBXBuildFile; fileRef = 67F294F9246BA2340036BA5C /* profileTableSectionCell.xib */; };
		8D87FFBEFAED5D09531ED522 /* Pods_HappyDay_HappyDayUITests.framework in Frameworks */ = {isa = PBXBuildFile; fileRef = E1B49F48348D37F5B81708AD /* Pods_HappyDay_HappyDayUITests.framework */; };
		9BC3A4ED38D6D7D7CBCE9968 /* Pods_HappyDayTests.framework in Frameworks */ = {isa = PBXBuildFile; fileRef = 8C3C7D73D21AC2ECDCEBDECC /* Pods_HappyDayTests.framework */; };
/* End PBXBuildFile section */

/* Begin PBXContainerItemProxy section */
		6775362A23CC1DBE003B844E /* PBXContainerItemProxy */ = {
			isa = PBXContainerItemProxy;
			containerPortal = 6775360B23CC1DB7003B844E /* Project object */;
			proxyType = 1;
			remoteGlobalIDString = 6775361223CC1DB7003B844E;
			remoteInfo = HappyDay;
		};
		6775363523CC1DBE003B844E /* PBXContainerItemProxy */ = {
			isa = PBXContainerItemProxy;
			containerPortal = 6775360B23CC1DB7003B844E /* Project object */;
			proxyType = 1;
			remoteGlobalIDString = 6775361223CC1DB7003B844E;
			remoteInfo = HappyDay;
		};
/* End PBXContainerItemProxy section */

/* Begin PBXFileReference section */
		24509974E7E1B9E5455A3894 /* Pods-HappyDay-HappyDayUITests.debug.xcconfig */ = {isa = PBXFileReference; includeInIndex = 1; lastKnownFileType = text.xcconfig; name = "Pods-HappyDay-HappyDayUITests.debug.xcconfig"; path = "Target Support Files/Pods-HappyDay-HappyDayUITests/Pods-HappyDay-HappyDayUITests.debug.xcconfig"; sourceTree = "<group>"; };
		394C0000A8A79953D7D4C0CA /* Pods_HappyDay.framework */ = {isa = PBXFileReference; explicitFileType = wrapper.framework; includeInIndex = 0; path = Pods_HappyDay.framework; sourceTree = BUILT_PRODUCTS_DIR; };
		5BC3BA98B7574F132D655A3A /* Pods-HappyDay.debug.xcconfig */ = {isa = PBXFileReference; includeInIndex = 1; lastKnownFileType = text.xcconfig; name = "Pods-HappyDay.debug.xcconfig"; path = "Target Support Files/Pods-HappyDay/Pods-HappyDay.debug.xcconfig"; sourceTree = "<group>"; };
		6732AE3423DCF3A6009A495C /* profilePageViewController.swift */ = {isa = PBXFileReference; lastKnownFileType = sourcecode.swift; path = profilePageViewController.swift; sourceTree = "<group>"; };
		6732AE3823DCFF95009A495C /* profileContentVC.swift */ = {isa = PBXFileReference; lastKnownFileType = sourcecode.swift; path = profileContentVC.swift; sourceTree = "<group>"; };
		6741F46F246AD64B007E9B93 /* GoogleService-Info.plist */ = {isa = PBXFileReference; fileEncoding = 4; lastKnownFileType = text.plist.xml; path = "GoogleService-Info.plist"; sourceTree = "<group>"; };
		674B9DA623D68DDC00FD2C48 /* AdvancedExampleViewController.swift */ = {isa = PBXFileReference; lastKnownFileType = sourcecode.swift; path = AdvancedExampleViewController.swift; sourceTree = "<group>"; };
		674B9DA723D68DDD00FD2C48 /* ChatViewController.swift */ = {isa = PBXFileReference; lastKnownFileType = sourcecode.swift; path = ChatViewController.swift; sourceTree = "<group>"; };
		676B8BA9246C366A00BFF39D /* selfEvaluationCell.swift */ = {isa = PBXFileReference; lastKnownFileType = sourcecode.swift; path = selfEvaluationCell.swift; sourceTree = "<group>"; };
		676B8BAA246C366A00BFF39D /* selfEvaluationCell.xib */ = {isa = PBXFileReference; lastKnownFileType = file.xib; path = selfEvaluationCell.xib; sourceTree = "<group>"; };
		6775361323CC1DB7003B844E /* HappyDay.app */ = {isa = PBXFileReference; explicitFileType = wrapper.application; includeInIndex = 0; path = HappyDay.app; sourceTree = BUILT_PRODUCTS_DIR; };
		6775361623CC1DB7003B844E /* AppDelegate.swift */ = {isa = PBXFileReference; lastKnownFileType = sourcecode.swift; path = AppDelegate.swift; sourceTree = "<group>"; };
		6775361823CC1DB7003B844E /* SceneDelegate.swift */ = {isa = PBXFileReference; lastKnownFileType = sourcecode.swift; path = SceneDelegate.swift; sourceTree = "<group>"; };
		6775361A23CC1DB7003B844E /* profileVC.swift */ = {isa = PBXFileReference; lastKnownFileType = sourcecode.swift; path = profileVC.swift; sourceTree = "<group>"; };
		6775361D23CC1DB7003B844E /* Base */ = {isa = PBXFileReference; lastKnownFileType = file.storyboard; name = Base; path = Base.lproj/Main.storyboard; sourceTree = "<group>"; };
		6775361F23CC1DBE003B844E /* Assets.xcassets */ = {isa = PBXFileReference; lastKnownFileType = folder.assetcatalog; path = Assets.xcassets; sourceTree = "<group>"; };
		6775362223CC1DBE003B844E /* Base */ = {isa = PBXFileReference; lastKnownFileType = file.storyboard; name = Base; path = Base.lproj/LaunchScreen.storyboard; sourceTree = "<group>"; };
		6775362423CC1DBE003B844E /* Info.plist */ = {isa = PBXFileReference; lastKnownFileType = text.plist.xml; path = Info.plist; sourceTree = "<group>"; };
		6775362923CC1DBE003B844E /* HappyDayTests.xctest */ = {isa = PBXFileReference; explicitFileType = wrapper.cfbundle; includeInIndex = 0; path = HappyDayTests.xctest; sourceTree = BUILT_PRODUCTS_DIR; };
		6775362D23CC1DBE003B844E /* HappyDayTests.swift */ = {isa = PBXFileReference; lastKnownFileType = sourcecode.swift; path = HappyDayTests.swift; sourceTree = "<group>"; };
		6775362F23CC1DBE003B844E /* Info.plist */ = {isa = PBXFileReference; lastKnownFileType = text.plist.xml; path = Info.plist; sourceTree = "<group>"; };
		6775363423CC1DBE003B844E /* HappyDayUITests.xctest */ = {isa = PBXFileReference; explicitFileType = wrapper.cfbundle; includeInIndex = 0; path = HappyDayUITests.xctest; sourceTree = BUILT_PRODUCTS_DIR; };
		6775363823CC1DBE003B844E /* HappyDayUITests.swift */ = {isa = PBXFileReference; lastKnownFileType = sourcecode.swift; path = HappyDayUITests.swift; sourceTree = "<group>"; };
		6775363A23CC1DBE003B844E /* Info.plist */ = {isa = PBXFileReference; lastKnownFileType = text.plist.xml; path = Info.plist; sourceTree = "<group>"; };
		6780C8CA23CC26E000A54733 /* FirstPageVC.swift */ = {isa = PBXFileReference; lastKnownFileType = sourcecode.swift; name = FirstPageVC.swift; path = "../New Group/FirstPageVC.swift"; sourceTree = "<group>"; };
		6780C8CC23CC4E5C00A54733 /* firstCollectionCell.swift */ = {isa = PBXFileReference; lastKnownFileType = sourcecode.swift; path = firstCollectionCell.swift; sourceTree = "<group>"; };
		6780C8CE23CC63CC00A54733 /* RoundButton.swift */ = {isa = PBXFileReference; lastKnownFileType = sourcecode.swift; path = RoundButton.swift; sourceTree = "<group>"; };
		6780C8D523CCD1A400A54733 /* loginVC.swift */ = {isa = PBXFileReference; lastKnownFileType = sourcecode.swift; path = loginVC.swift; sourceTree = "<group>"; };
		6780C8D923CCE2F900A54733 /* DesinableView.swift */ = {isa = PBXFileReference; lastKnownFileType = sourcecode.swift; path = DesinableView.swift; sourceTree = "<group>"; };
		6780C8DB23CCF76800A54733 /* selectDomainVC.swift */ = {isa = PBXFileReference; lastKnownFileType = sourcecode.swift; path = selectDomainVC.swift; sourceTree = "<group>"; };
		6780C8DD23CCF7A500A54733 /* signUpVC.swift */ = {isa = PBXFileReference; lastKnownFileType = sourcecode.swift; path = signUpVC.swift; sourceTree = "<group>"; };
		6780C8DF23CD0E9F00A54733 /* CustomTableViewCell.swift */ = {isa = PBXFileReference; lastKnownFileType = sourcecode.swift; path = CustomTableViewCell.swift; sourceTree = "<group>"; };
		6780C90023CD6DD500A54733 /* MyCustomCell.xib */ = {isa = PBXFileReference; lastKnownFileType = file.xib; path = MyCustomCell.xib; sourceTree = "<group>"; };
		6780C90223CDF45100A54733 /* facebookLoginVC.swift */ = {isa = PBXFileReference; lastKnownFileType = sourcecode.swift; path = facebookLoginVC.swift; sourceTree = "<group>"; };
		6783EBC423D7C2B1009DC0A3 /* pointChangeVC.swift */ = {isa = PBXFileReference; lastKnownFileType = sourcecode.swift; path = pointChangeVC.swift; sourceTree = "<group>"; };
		6783EBC623D7DB2C009DC0A3 /* paymentStartVC.swift */ = {isa = PBXFileReference; lastKnownFileType = sourcecode.swift; path = paymentStartVC.swift; sourceTree = "<group>"; };
		6783EBC823D7F3E7009DC0A3 /* BottomeSelectVC.swift */ = {isa = PBXFileReference; lastKnownFileType = sourcecode.swift; path = BottomeSelectVC.swift; sourceTree = "<group>"; };
		6783EBCB23D7FB3B009DC0A3 /* BottomPopupUtils.swift */ = {isa = PBXFileReference; fileEncoding = 4; lastKnownFileType = sourcecode.swift; path = BottomPopupUtils.swift; sourceTree = "<group>"; };
		6783EBCC23D7FB3B009DC0A3 /* BottomPopupViewController.swift */ = {isa = PBXFileReference; fileEncoding = 4; lastKnownFileType = sourcecode.swift; path = BottomPopupViewController.swift; sourceTree = "<group>"; };
		6783EBCD23D7FB3B009DC0A3 /* BottomPopupDismissInteractionController.swift */ = {isa = PBXFileReference; fileEncoding = 4; lastKnownFileType = sourcecode.swift; path = BottomPopupDismissInteractionController.swift; sourceTree = "<group>"; };
		6783EBCE23D7FB3B009DC0A3 /* BottomPopupNavigationController.swift */ = {isa = PBXFileReference; fileEncoding = 4; lastKnownFileType = sourcecode.swift; path = BottomPopupNavigationController.swift; sourceTree = "<group>"; };
		6783EBCF23D7FB3B009DC0A3 /* BottomPopupDismissAnimator.swift */ = {isa = PBXFileReference; fileEncoding = 4; lastKnownFileType = sourcecode.swift; path = BottomPopupDismissAnimator.swift; sourceTree = "<group>"; };
		6783EBD023D7FB3B009DC0A3 /* BottomPopupPresentAnimator.swift */ = {isa = PBXFileReference; fileEncoding = 4; lastKnownFileType = sourcecode.swift; path = BottomPopupPresentAnimator.swift; sourceTree = "<group>"; };
		6783EBD123D7FB3B009DC0A3 /* BottomPopupTransitionHandler.swift */ = {isa = PBXFileReference; fileEncoding = 4; lastKnownFileType = sourcecode.swift; path = BottomPopupTransitionHandler.swift; sourceTree = "<group>"; };
		6783EBD223D7FB3B009DC0A3 /* BottomPopupPresentationController.swift */ = {isa = PBXFileReference; fileEncoding = 4; lastKnownFileType = sourcecode.swift; path = BottomPopupPresentationController.swift; sourceTree = "<group>"; };
		6783EBDB23D7FBDD009DC0A3 /* MockMessage.swift */ = {isa = PBXFileReference; fileEncoding = 4; lastKnownFileType = sourcecode.swift; path = MockMessage.swift; sourceTree = "<group>"; };
		6783EBDC23D7FBDE009DC0A3 /* MockUser.swift */ = {isa = PBXFileReference; fileEncoding = 4; lastKnownFileType = sourcecode.swift; path = MockUser.swift; sourceTree = "<group>"; };
		6783EBDD23D7FBDE009DC0A3 /* MockSocket.swift */ = {isa = PBXFileReference; fileEncoding = 4; lastKnownFileType = sourcecode.swift; path = MockSocket.swift; sourceTree = "<group>"; };
		6783EBE223D7FC7F009DC0A3 /* Lorem.swift */ = {isa = PBXFileReference; fileEncoding = 4; lastKnownFileType = sourcecode.swift; path = Lorem.swift; sourceTree = "<group>"; };
		6783EBE323D7FC7F009DC0A3 /* SampleData.swift */ = {isa = PBXFileReference; fileEncoding = 4; lastKnownFileType = sourcecode.swift; path = SampleData.swift; sourceTree = "<group>"; };
		6783EBE923D7FD10009DC0A3 /* UIViewController+Extensions.swift */ = {isa = PBXFileReference; fileEncoding = 4; lastKnownFileType = sourcecode.swift; path = "UIViewController+Extensions.swift"; sourceTree = "<group>"; };
		6783EBEB23D7FD31009DC0A3 /* Settings+UserDefaults.swift */ = {isa = PBXFileReference; fileEncoding = 4; lastKnownFileType = sourcecode.swift; path = "Settings+UserDefaults.swift"; sourceTree = "<group>"; };
		6783EBEE23D7FD58009DC0A3 /* CustomMessageFlowLayout.swift */ = {isa = PBXFileReference; fileEncoding = 4; lastKnownFileType = sourcecode.swift; path = CustomMessageFlowLayout.swift; sourceTree = "<group>"; };
		6783EBF123D7FD8C009DC0A3 /* sound2.m4a */ = {isa = PBXFileReference; lastKnownFileType = file; path = sound2.m4a; sourceTree = "<group>"; };
		6783EBF223D7FD8C009DC0A3 /* sound1.m4a */ = {isa = PBXFileReference; lastKnownFileType = file; path = sound1.m4a; sourceTree = "<group>"; };
		6783EBF623D7FDB4009DC0A3 /* BasicAudioController.swift */ = {isa = PBXFileReference; fileEncoding = 4; lastKnownFileType = sourcecode.swift; path = BasicAudioController.swift; sourceTree = "<group>"; };
		6783EBF823D7FE19009DC0A3 /* CustomCell.swift */ = {isa = PBXFileReference; fileEncoding = 4; lastKnownFileType = sourcecode.swift; path = CustomCell.swift; sourceTree = "<group>"; };
		678C199623D216B900906A8D /* DesinableImageView.swift */ = {isa = PBXFileReference; lastKnownFileType = sourcecode.swift; path = DesinableImageView.swift; sourceTree = "<group>"; };
		678C199823D25E4D00906A8D /* mainProfileVC.swift */ = {isa = PBXFileReference; lastKnownFileType = sourcecode.swift; path = mainProfileVC.swift; sourceTree = "<group>"; };
		678C199A23D26A3800906A8D /* mainProfileItemVC.swift */ = {isa = PBXFileReference; lastKnownFileType = sourcecode.swift; path = mainProfileItemVC.swift; sourceTree = "<group>"; };
		678C199C23D271B600906A8D /* profileItemTableViewCell.swift */ = {isa = PBXFileReference; lastKnownFileType = sourcecode.swift; path = profileItemTableViewCell.swift; sourceTree = "<group>"; };
		678C199D23D271B600906A8D /* profileItemTableViewCell.xib */ = {isa = PBXFileReference; lastKnownFileType = file.xib; path = profileItemTableViewCell.xib; sourceTree = "<group>"; };
		678C19A023D2C02700906A8D /* footVC.swift */ = {isa = PBXFileReference; lastKnownFileType = sourcecode.swift; path = footVC.swift; sourceTree = "<group>"; };
		678C19A223D39F2100906A8D /* footTableViewCell.swift */ = {isa = PBXFileReference; lastKnownFileType = sourcecode.swift; path = footTableViewCell.swift; sourceTree = "<group>"; };
		678C19A323D39F2100906A8D /* footTableViewCell.xib */ = {isa = PBXFileReference; lastKnownFileType = file.xib; path = footTableViewCell.xib; sourceTree = "<group>"; };
		678C19A623D3B74D00906A8D /* ignoreListVC.swift */ = {isa = PBXFileReference; lastKnownFileType = sourcecode.swift; path = ignoreListVC.swift; sourceTree = "<group>"; };
		678C19A823D3BAD900906A8D /* friendListVC.swift */ = {isa = PBXFileReference; lastKnownFileType = sourcecode.swift; path = friendListVC.swift; sourceTree = "<group>"; };
		678C19AA23D3BB8000906A8D /* memoListVC.swift */ = {isa = PBXFileReference; lastKnownFileType = sourcecode.swift; path = memoListVC.swift; sourceTree = "<group>"; };
		678C19AC23D3C4A800906A8D /* noSeeVC.swift */ = {isa = PBXFileReference; lastKnownFileType = sourcecode.swift; path = noSeeVC.swift; sourceTree = "<group>"; };
		678C19AE23D3CF1B00906A8D /* favoriteListVC.swift */ = {isa = PBXFileReference; lastKnownFileType = sourcecode.swift; path = favoriteListVC.swift; sourceTree = "<group>"; };
		6792001B23CE18A500C4872B /* mainPageVC.swift */ = {isa = PBXFileReference; lastKnownFileType = sourcecode.swift; path = mainPageVC.swift; sourceTree = "<group>"; };
		6792001D23CE1C8400C4872B /* customTabBarVC.swift */ = {isa = PBXFileReference; lastKnownFileType = sourcecode.swift; path = customTabBarVC.swift; sourceTree = "<group>"; };
		6792002123CE57CC00C4872B /* largeCollectionViewCell.swift */ = {isa = PBXFileReference; lastKnownFileType = sourcecode.swift; path = largeCollectionViewCell.swift; sourceTree = "<group>"; };
		6792002223CE57CC00C4872B /* largeCollectionViewCell.xib */ = {isa = PBXFileReference; lastKnownFileType = file.xib; path = largeCollectionViewCell.xib; sourceTree = "<group>"; };
		6792002623CE597100C4872B /* person.swift */ = {isa = PBXFileReference; lastKnownFileType = sourcecode.swift; path = person.swift; sourceTree = "<group>"; };
		6792002923CE6D5500C4872B /* UIImageView.swift */ = {isa = PBXFileReference; lastKnownFileType = sourcecode.swift; path = UIImageView.swift; sourceTree = "<group>"; };
		6792002B23CE793900C4872B /* galleryCollectionViewCell.swift */ = {isa = PBXFileReference; lastKnownFileType = sourcecode.swift; path = galleryCollectionViewCell.swift; sourceTree = "<group>"; };
		6792002C23CE793900C4872B /* galleryCollectionViewCell.xib */ = {isa = PBXFileReference; lastKnownFileType = file.xib; path = galleryCollectionViewCell.xib; sourceTree = "<group>"; };
		6792002F23CE804700C4872B /* listCollectionViewCell.swift */ = {isa = PBXFileReference; lastKnownFileType = sourcecode.swift; path = listCollectionViewCell.swift; sourceTree = "<group>"; };
		6792003023CE804700C4872B /* listCollectionViewCell.xib */ = {isa = PBXFileReference; lastKnownFileType = file.xib; path = listCollectionViewCell.xib; sourceTree = "<group>"; };
		6792003323CE874400C4872B /* searchVC.swift */ = {isa = PBXFileReference; lastKnownFileType = sourcecode.swift; path = searchVC.swift; sourceTree = "<group>"; };
		6792003523CE8CAE00C4872B /* searchTableViewCell.swift */ = {isa = PBXFileReference; lastKnownFileType = sourcecode.swift; path = searchTableViewCell.swift; sourceTree = "<group>"; };
		6792003623CE8CAE00C4872B /* searchTableViewCell.xib */ = {isa = PBXFileReference; lastKnownFileType = file.xib; path = searchTableViewCell.xib; sourceTree = "<group>"; };
		6792003923CEB1F700C4872B /* profileImageCollectionCell.swift */ = {isa = PBXFileReference; lastKnownFileType = sourcecode.swift; path = profileImageCollectionCell.swift; sourceTree = "<group>"; };
		6792003B23CF944300C4872B /* profileTableViewCell.swift */ = {isa = PBXFileReference; lastKnownFileType = sourcecode.swift; path = profileTableViewCell.swift; sourceTree = "<group>"; };
		6792003C23CF944300C4872B /* profileTableViewCell.xib */ = {isa = PBXFileReference; lastKnownFileType = file.xib; path = profileTableViewCell.xib; sourceTree = "<group>"; };
		6792003F23CFA74400C4872B /* postVC.swift */ = {isa = PBXFileReference; lastKnownFileType = sourcecode.swift; path = postVC.swift; sourceTree = "<group>"; };
		6792004123CFA7EA00C4872B /* contentforpostVC.swift */ = {isa = PBXFileReference; lastKnownFileType = sourcecode.swift; path = contentforpostVC.swift; sourceTree = "<group>"; };
		6792004723D00AEB00C4872B /* postTableViewCell.swift */ = {isa = PBXFileReference; lastKnownFileType = sourcecode.swift; path = postTableViewCell.swift; sourceTree = "<group>"; };
		6792004823D00AEB00C4872B /* postTableViewCell.xib */ = {isa = PBXFileReference; lastKnownFileType = file.xib; path = postTableViewCell.xib; sourceTree = "<group>"; };
		6792004B23D0DF0700C4872B /* playnowVC.swift */ = {isa = PBXFileReference; lastKnownFileType = sourcecode.swift; path = playnowVC.swift; sourceTree = "<group>"; };
		6792004D23D0EF0A00C4872B /* createpostVC.swift */ = {isa = PBXFileReference; lastKnownFileType = sourcecode.swift; path = createpostVC.swift; sourceTree = "<group>"; };
		6792004F23D1067300C4872B /* searchTypeVC.swift */ = {isa = PBXFileReference; lastKnownFileType = sourcecode.swift; path = searchTypeVC.swift; sourceTree = "<group>"; };
		6792005123D1207800C4872B /* chatBotVC.swift */ = {isa = PBXFileReference; lastKnownFileType = sourcecode.swift; path = chatBotVC.swift; sourceTree = "<group>"; };
		6792005323D123C000C4872B /* chatListVC.swift */ = {isa = PBXFileReference; lastKnownFileType = sourcecode.swift; path = chatListVC.swift; sourceTree = "<group>"; };
		6792005523D1249A00C4872B /* chatTableCell.swift */ = {isa = PBXFileReference; lastKnownFileType = sourcecode.swift; path = chatTableCell.swift; sourceTree = "<group>"; };
		6792005623D1249A00C4872B /* chatTableCell.xib */ = {isa = PBXFileReference; lastKnownFileType = file.xib; path = chatTableCell.xib; sourceTree = "<group>"; };
		6792005D23D1616000C4872B /* chatRoomVC.swift */ = {isa = PBXFileReference; lastKnownFileType = sourcecode.swift; path = chatRoomVC.swift; sourceTree = "<group>"; };
		6792007623D168E600C4872B /* imageUploadVC.swift */ = {isa = PBXFileReference; lastKnownFileType = sourcecode.swift; path = imageUploadVC.swift; sourceTree = "<group>"; };
		6792007823D1F3CA00C4872B /* personalPageVC.swift */ = {isa = PBXFileReference; lastKnownFileType = sourcecode.swift; path = personalPageVC.swift; sourceTree = "<group>"; };
		6792007A23D1F6E400C4872B /* personalPageCollectionCell.swift */ = {isa = PBXFileReference; lastKnownFileType = sourcecode.swift; path = personalPageCollectionCell.swift; sourceTree = "<group>"; };
		6792007B23D1F6E400C4872B /* personalPageCollectionCell.xib */ = {isa = PBXFileReference; lastKnownFileType = file.xib; path = personalPageCollectionCell.xib; sourceTree = "<group>"; };
		679FF84923DAADD500C8BEDD /* message.swift */ = {isa = PBXFileReference; lastKnownFileType = sourcecode.swift; path = message.swift; sourceTree = "<group>"; };
		67A4B3FC23D84F4400F39C10 /* selectPaymentVC.swift */ = {isa = PBXFileReference; lastKnownFileType = sourcecode.swift; path = selectPaymentVC.swift; sourceTree = "<group>"; };
		67A4B3FE23D84F6500F39C10 /* paymentConfirmVC.swift */ = {isa = PBXFileReference; lastKnownFileType = sourcecode.swift; path = paymentConfirmVC.swift; sourceTree = "<group>"; };
		67A4B40023D901E800F39C10 /* addContentView.swift */ = {isa = PBXFileReference; lastKnownFileType = sourcecode.swift; path = addContentView.swift; sourceTree = "<group>"; };
		67A4B40223D9021100F39C10 /* addContentView.xib */ = {isa = PBXFileReference; lastKnownFileType = file.xib; path = addContentView.xib; sourceTree = "<group>"; };
		67F294E0246AE84E0036BA5C /* BaseVC.swift */ = {isa = PBXFileReference; lastKnownFileType = sourcecode.swift; path = BaseVC.swift; sourceTree = "<group>"; };
		67F294E3246AEA4E0036BA5C /* UserVM.swift */ = {isa = PBXFileReference; lastKnownFileType = sourcecode.swift; path = UserVM.swift; sourceTree = "<group>"; };
		67F294E5246AEB7F0036BA5C /* AppConstants.swift */ = {isa = PBXFileReference; lastKnownFileType = sourcecode.swift; path = AppConstants.swift; sourceTree = "<group>"; };
		67F294E7246AEC000036BA5C /* DataManager.swift */ = {isa = PBXFileReference; lastKnownFileType = sourcecode.swift; path = DataManager.swift; sourceTree = "<group>"; };
		67F294F0246AFBAF0036BA5C /* HappyDay-Bridging-Header.h */ = {isa = PBXFileReference; fileEncoding = 4; lastKnownFileType = sourcecode.c.h; path = "HappyDay-Bridging-Header.h"; sourceTree = "<group>"; };
		67F294F2246B0F5E0036BA5C /* FireBaseConstant.swift */ = {isa = PBXFileReference; lastKnownFileType = sourcecode.swift; path = FireBaseConstant.swift; sourceTree = "<group>"; };
		67F294F4246B2ADD0036BA5C /* SettingVM.swift */ = {isa = PBXFileReference; lastKnownFileType = sourcecode.swift; path = SettingVM.swift; sourceTree = "<group>"; };
		67F294F6246B9B3E0036BA5C /* Section.swift */ = {isa = PBXFileReference; lastKnownFileType = sourcecode.swift; path = Section.swift; sourceTree = "<group>"; };
		67F294F8246BA2340036BA5C /* profileTableSectionCell.swift */ = {isa = PBXFileReference; lastKnownFileType = sourcecode.swift; path = profileTableSectionCell.swift; sourceTree = "<group>"; };
		67F294F9246BA2340036BA5C /* profileTableSectionCell.xib */ = {isa = PBXFileReference; lastKnownFileType = file.xib; path = profileTableSectionCell.xib; sourceTree = "<group>"; };
		816B3844B379EFCADB3A6869 /* Pods-HappyDay.release.xcconfig */ = {isa = PBXFileReference; includeInIndex = 1; lastKnownFileType = text.xcconfig; name = "Pods-HappyDay.release.xcconfig"; path = "Target Support Files/Pods-HappyDay/Pods-HappyDay.release.xcconfig"; sourceTree = "<group>"; };
		8C3C7D73D21AC2ECDCEBDECC /* Pods_HappyDayTests.framework */ = {isa = PBXFileReference; explicitFileType = wrapper.framework; includeInIndex = 0; path = Pods_HappyDayTests.framework; sourceTree = BUILT_PRODUCTS_DIR; };
		938B1294C611B0EAAEE1E917 /* Pods-HappyDay-HappyDayUITests.release.xcconfig */ = {isa = PBXFileReference; includeInIndex = 1; lastKnownFileType = text.xcconfig; name = "Pods-HappyDay-HappyDayUITests.release.xcconfig"; path = "Target Support Files/Pods-HappyDay-HappyDayUITests/Pods-HappyDay-HappyDayUITests.release.xcconfig"; sourceTree = "<group>"; };
		C6F69401A9A7D16E20F3DD16 /* Pods-HappyDayTests.release.xcconfig */ = {isa = PBXFileReference; includeInIndex = 1; lastKnownFileType = text.xcconfig; name = "Pods-HappyDayTests.release.xcconfig"; path = "Target Support Files/Pods-HappyDayTests/Pods-HappyDayTests.release.xcconfig"; sourceTree = "<group>"; };
		CC4FA848E9EC4AF2BCC2D542 /* Pods-HappyDayTests.debug.xcconfig */ = {isa = PBXFileReference; includeInIndex = 1; lastKnownFileType = text.xcconfig; name = "Pods-HappyDayTests.debug.xcconfig"; path = "Target Support Files/Pods-HappyDayTests/Pods-HappyDayTests.debug.xcconfig"; sourceTree = "<group>"; };
		E1B49F48348D37F5B81708AD /* Pods_HappyDay_HappyDayUITests.framework */ = {isa = PBXFileReference; explicitFileType = wrapper.framework; includeInIndex = 0; path = Pods_HappyDay_HappyDayUITests.framework; sourceTree = BUILT_PRODUCTS_DIR; };
/* End PBXFileReference section */

/* Begin PBXFrameworksBuildPhase section */
		6775361023CC1DB7003B844E /* Frameworks */ = {
			isa = PBXFrameworksBuildPhase;
			buildActionMask = 2147483647;
			files = (
				262341BEFD5583B8D97949B3 /* Pods_HappyDay.framework in Frameworks */,
			);
			runOnlyForDeploymentPostprocessing = 0;
		};
		6775362623CC1DBE003B844E /* Frameworks */ = {
			isa = PBXFrameworksBuildPhase;
			buildActionMask = 2147483647;
			files = (
				9BC3A4ED38D6D7D7CBCE9968 /* Pods_HappyDayTests.framework in Frameworks */,
			);
			runOnlyForDeploymentPostprocessing = 0;
		};
		6775363123CC1DBE003B844E /* Frameworks */ = {
			isa = PBXFrameworksBuildPhase;
			buildActionMask = 2147483647;
			files = (
				8D87FFBEFAED5D09531ED522 /* Pods_HappyDay_HappyDayUITests.framework in Frameworks */,
			);
			runOnlyForDeploymentPostprocessing = 0;
		};
/* End PBXFrameworksBuildPhase section */

/* Begin PBXGroup section */
		07D854AE493C12CE436BA40B /* Pods */ = {
			isa = PBXGroup;
			children = (
				5BC3BA98B7574F132D655A3A /* Pods-HappyDay.debug.xcconfig */,
				816B3844B379EFCADB3A6869 /* Pods-HappyDay.release.xcconfig */,
				24509974E7E1B9E5455A3894 /* Pods-HappyDay-HappyDayUITests.debug.xcconfig */,
				938B1294C611B0EAAEE1E917 /* Pods-HappyDay-HappyDayUITests.release.xcconfig */,
				CC4FA848E9EC4AF2BCC2D542 /* Pods-HappyDayTests.debug.xcconfig */,
				C6F69401A9A7D16E20F3DD16 /* Pods-HappyDayTests.release.xcconfig */,
			);
			path = Pods;
			sourceTree = "<group>";
		};
		6741F466246A540C007E9B93 /* LogIn */ = {
			isa = PBXGroup;
			children = (
				6780C8D523CCD1A400A54733 /* loginVC.swift */,
				6780C8DB23CCF76800A54733 /* selectDomainVC.swift */,
				6780C90223CDF45100A54733 /* facebookLoginVC.swift */,
			);
			path = LogIn;
			sourceTree = "<group>";
		};
		6741F467246A5446007E9B93 /* SignUp */ = {
			isa = PBXGroup;
			children = (
				6780C8DD23CCF7A500A54733 /* signUpVC.swift */,
				6783EBC823D7F3E7009DC0A3 /* BottomeSelectVC.swift */,
			);
			path = SignUp;
			sourceTree = "<group>";
		};
		6741F468246AD315007E9B93 /* MainPage */ = {
			isa = PBXGroup;
			children = (
				6792001B23CE18A500C4872B /* mainPageVC.swift */,
				6792004B23D0DF0700C4872B /* playnowVC.swift */,
			);
			path = MainPage;
			sourceTree = "<group>";
		};
		6741F469246AD32C007E9B93 /* Search */ = {
			isa = PBXGroup;
			children = (
				6792003323CE874400C4872B /* searchVC.swift */,
				6792004F23D1067300C4872B /* searchTypeVC.swift */,
			);
			path = Search;
			sourceTree = "<group>";
		};
		6741F46A246AD33A007E9B93 /* Profile */ = {
			isa = PBXGroup;
			children = (
				6732AE3823DCFF95009A495C /* profileContentVC.swift */,
				678C199823D25E4D00906A8D /* mainProfileVC.swift */,
				6775361A23CC1DB7003B844E /* profileVC.swift */,
				6792007823D1F3CA00C4872B /* personalPageVC.swift */,
				678C199A23D26A3800906A8D /* mainProfileItemVC.swift */,
				678C19AE23D3CF1B00906A8D /* favoriteListVC.swift */,
				678C19AC23D3C4A800906A8D /* noSeeVC.swift */,
				678C19AA23D3BB8000906A8D /* memoListVC.swift */,
				6792007623D168E600C4872B /* imageUploadVC.swift */,
				678C19A823D3BAD900906A8D /* friendListVC.swift */,
				678C19A623D3B74D00906A8D /* ignoreListVC.swift */,
				6783EBC423D7C2B1009DC0A3 /* pointChangeVC.swift */,
				6732AE3423DCF3A6009A495C /* profilePageViewController.swift */,
			);
			path = Profile;
			sourceTree = "<group>";
		};
		6741F46B246AD34E007E9B93 /* Chat */ = {
			isa = PBXGroup;
			children = (
				674B9DA523D68DC700FD2C48 /* chat */,
				6792005323D123C000C4872B /* chatListVC.swift */,
				6792005123D1207800C4872B /* chatBotVC.swift */,
				674B9DA723D68DDD00FD2C48 /* ChatViewController.swift */,
				6792005D23D1616000C4872B /* chatRoomVC.swift */,
			);
			path = Chat;
			sourceTree = "<group>";
		};
		6741F46C246AD374007E9B93 /* Post */ = {
			isa = PBXGroup;
			children = (
				6792003F23CFA74400C4872B /* postVC.swift */,
				6792004D23D0EF0A00C4872B /* createpostVC.swift */,
				6792004123CFA7EA00C4872B /* contentforpostVC.swift */,
			);
			path = Post;
			sourceTree = "<group>";
		};
		6741F46D246AD3A2007E9B93 /* Foot */ = {
			isa = PBXGroup;
			children = (
				678C19A023D2C02700906A8D /* footVC.swift */,
			);
			path = Foot;
			sourceTree = "<group>";
		};
		6741F46E246AD441007E9B93 /* Payment */ = {
			isa = PBXGroup;
			children = (
				6783EBC623D7DB2C009DC0A3 /* paymentStartVC.swift */,
				67A4B3FC23D84F4400F39C10 /* selectPaymentVC.swift */,
				67A4B3FE23D84F6500F39C10 /* paymentConfirmVC.swift */,
			);
			path = Payment;
			sourceTree = "<group>";
		};
		674B9DA523D68DC700FD2C48 /* chat */ = {
			isa = PBXGroup;
			children = (
				67A4B40023D901E800F39C10 /* addContentView.swift */,
				67A4B40223D9021100F39C10 /* addContentView.xib */,
			);
			path = chat;
			sourceTree = "<group>";
		};
		6775360A23CC1DB7003B844E = {
			isa = PBXGroup;
			children = (
				6775361523CC1DB7003B844E /* HappyDay */,
				6775362C23CC1DBE003B844E /* HappyDayTests */,
				6775363723CC1DBE003B844E /* HappyDayUITests */,
				6775361423CC1DB7003B844E /* Products */,
				07D854AE493C12CE436BA40B /* Pods */,
				8F51C3BE38111D25D67617FE /* Frameworks */,
			);
			sourceTree = "<group>";
		};
		6775361423CC1DB7003B844E /* Products */ = {
			isa = PBXGroup;
			children = (
				6775361323CC1DB7003B844E /* HappyDay.app */,
				6775362923CC1DBE003B844E /* HappyDayTests.xctest */,
				6775363423CC1DBE003B844E /* HappyDayUITests.xctest */,
			);
			name = Products;
			sourceTree = "<group>";
		};
		6775361523CC1DB7003B844E /* HappyDay */ = {
			isa = PBXGroup;
			children = (
				67F294F1246AFBB30036BA5C /* refer */,
				67F294E2246AEA2B0036BA5C /* Common */,
				6783EBF023D7FD8C009DC0A3 /* Sounds */,
				6783EBED23D7FD58009DC0A3 /* Layout */,
				6783EBE123D7FC7F009DC0A3 /* Data Generation */,
				6792002823CE6D3700C4872B /* CustomDesign */,
				6783EBF523D7FDB4009DC0A3 /* AudioController */,
				6792002523CE596200C4872B /* Models */,
				6780C8D323CCD10600A54733 /* Items */,
				6780C8D223CCD0E100A54733 /* VC */,
				6775361623CC1DB7003B844E /* AppDelegate.swift */,
				6775361823CC1DB7003B844E /* SceneDelegate.swift */,
				6775361C23CC1DB7003B844E /* Main.storyboard */,
				6775361F23CC1DBE003B844E /* Assets.xcassets */,
				6775362123CC1DBE003B844E /* LaunchScreen.storyboard */,
				6775362423CC1DBE003B844E /* Info.plist */,
				6741F46F246AD64B007E9B93 /* GoogleService-Info.plist */,
			);
			path = HappyDay;
			sourceTree = "<group>";
		};
		6775362C23CC1DBE003B844E /* HappyDayTests */ = {
			isa = PBXGroup;
			children = (
				6775362D23CC1DBE003B844E /* HappyDayTests.swift */,
				6775362F23CC1DBE003B844E /* Info.plist */,
			);
			path = HappyDayTests;
			sourceTree = "<group>";
		};
		6775363723CC1DBE003B844E /* HappyDayUITests */ = {
			isa = PBXGroup;
			children = (
				6775363823CC1DBE003B844E /* HappyDayUITests.swift */,
				6775363A23CC1DBE003B844E /* Info.plist */,
			);
			path = HappyDayUITests;
			sourceTree = "<group>";
		};
		6780C8D223CCD0E100A54733 /* VC */ = {
			isa = PBXGroup;
			children = (
				67F294E0246AE84E0036BA5C /* BaseVC.swift */,
				6792001D23CE1C8400C4872B /* customTabBarVC.swift */,
				674B9DA623D68DDC00FD2C48 /* AdvancedExampleViewController.swift */,
				6783EBCA23D7FB3B009DC0A3 /* BottomPopupController */,
				67F294DF246AE7EC0036BA5C /* FirstPage */,
				6741F46E246AD441007E9B93 /* Payment */,
				6741F46D246AD3A2007E9B93 /* Foot */,
				6741F46C246AD374007E9B93 /* Post */,
				6741F46B246AD34E007E9B93 /* Chat */,
				6741F46A246AD33A007E9B93 /* Profile */,
				6741F469246AD32C007E9B93 /* Search */,
				6741F468246AD315007E9B93 /* MainPage */,
				6741F467246A5446007E9B93 /* SignUp */,
				6741F466246A540C007E9B93 /* LogIn */,
			);
			path = VC;
			sourceTree = "<group>";
		};
		6780C8D323CCD10600A54733 /* Items */ = {
			isa = PBXGroup;
			children = (
				67F294FC246BA23C0036BA5C /* Profile */,
				6783EBF823D7FE19009DC0A3 /* CustomCell.swift */,
				6792002123CE57CC00C4872B /* largeCollectionViewCell.swift */,
				6792002223CE57CC00C4872B /* largeCollectionViewCell.xib */,
				6792002B23CE793900C4872B /* galleryCollectionViewCell.swift */,
				6792002C23CE793900C4872B /* galleryCollectionViewCell.xib */,
				6792002F23CE804700C4872B /* listCollectionViewCell.swift */,
				6792003023CE804700C4872B /* listCollectionViewCell.xib */,
				6792003523CE8CAE00C4872B /* searchTableViewCell.swift */,
				6792003623CE8CAE00C4872B /* searchTableViewCell.xib */,
				6780C8CC23CC4E5C00A54733 /* firstCollectionCell.swift */,
				6780C8DF23CD0E9F00A54733 /* CustomTableViewCell.swift */,
				6780C90023CD6DD500A54733 /* MyCustomCell.xib */,
				6792003923CEB1F700C4872B /* profileImageCollectionCell.swift */,
				6792004723D00AEB00C4872B /* postTableViewCell.swift */,
				6792004823D00AEB00C4872B /* postTableViewCell.xib */,
				6792005523D1249A00C4872B /* chatTableCell.swift */,
				6792005623D1249A00C4872B /* chatTableCell.xib */,
				6792007A23D1F6E400C4872B /* personalPageCollectionCell.swift */,
				6792007B23D1F6E400C4872B /* personalPageCollectionCell.xib */,
				678C19A223D39F2100906A8D /* footTableViewCell.swift */,
				678C19A323D39F2100906A8D /* footTableViewCell.xib */,
			);
			path = Items;
			sourceTree = "<group>";
		};
		6783EBCA23D7FB3B009DC0A3 /* BottomPopupController */ = {
			isa = PBXGroup;
			children = (
				6783EBCB23D7FB3B009DC0A3 /* BottomPopupUtils.swift */,
				6783EBCC23D7FB3B009DC0A3 /* BottomPopupViewController.swift */,
				6783EBCD23D7FB3B009DC0A3 /* BottomPopupDismissInteractionController.swift */,
				6783EBCE23D7FB3B009DC0A3 /* BottomPopupNavigationController.swift */,
				6783EBCF23D7FB3B009DC0A3 /* BottomPopupDismissAnimator.swift */,
				6783EBD023D7FB3B009DC0A3 /* BottomPopupPresentAnimator.swift */,
				6783EBD123D7FB3B009DC0A3 /* BottomPopupTransitionHandler.swift */,
				6783EBD223D7FB3B009DC0A3 /* BottomPopupPresentationController.swift */,
			);
			path = BottomPopupController;
			sourceTree = "<group>";
		};
		6783EBE123D7FC7F009DC0A3 /* Data Generation */ = {
			isa = PBXGroup;
			children = (
				6783EBE223D7FC7F009DC0A3 /* Lorem.swift */,
				6783EBE323D7FC7F009DC0A3 /* SampleData.swift */,
			);
			path = "Data Generation";
			sourceTree = "<group>";
		};
		6783EBED23D7FD58009DC0A3 /* Layout */ = {
			isa = PBXGroup;
			children = (
				6783EBEE23D7FD58009DC0A3 /* CustomMessageFlowLayout.swift */,
			);
			path = Layout;
			sourceTree = "<group>";
		};
		6783EBF023D7FD8C009DC0A3 /* Sounds */ = {
			isa = PBXGroup;
			children = (
				6783EBF123D7FD8C009DC0A3 /* sound2.m4a */,
				6783EBF223D7FD8C009DC0A3 /* sound1.m4a */,
			);
			path = Sounds;
			sourceTree = "<group>";
		};
		6783EBF523D7FDB4009DC0A3 /* AudioController */ = {
			isa = PBXGroup;
			children = (
				6783EBF623D7FDB4009DC0A3 /* BasicAudioController.swift */,
			);
			path = AudioController;
			sourceTree = "<group>";
		};
		6792002523CE596200C4872B /* Models */ = {
			isa = PBXGroup;
			children = (
				6783EBDD23D7FBDE009DC0A3 /* MockSocket.swift */,
				6783EBDB23D7FBDD009DC0A3 /* MockMessage.swift */,
				6783EBDC23D7FBDE009DC0A3 /* MockUser.swift */,
				6792002623CE597100C4872B /* person.swift */,
				6780C8CE23CC63CC00A54733 /* RoundButton.swift */,
				679FF84923DAADD500C8BEDD /* message.swift */,
				67F294F6246B9B3E0036BA5C /* Section.swift */,
			);
			path = Models;
			sourceTree = "<group>";
		};
		6792002823CE6D3700C4872B /* CustomDesign */ = {
			isa = PBXGroup;
			children = (
				6783EBEB23D7FD31009DC0A3 /* Settings+UserDefaults.swift */,
				6783EBE923D7FD10009DC0A3 /* UIViewController+Extensions.swift */,
				6792002923CE6D5500C4872B /* UIImageView.swift */,
				6780C8D923CCE2F900A54733 /* DesinableView.swift */,
				678C199623D216B900906A8D /* DesinableImageView.swift */,
			);
			path = CustomDesign;
			sourceTree = "<group>";
		};
		67F294DF246AE7EC0036BA5C /* FirstPage */ = {
			isa = PBXGroup;
			children = (
				6780C8CA23CC26E000A54733 /* FirstPageVC.swift */,
			);
			path = FirstPage;
			sourceTree = "<group>";
		};
		67F294E2246AEA2B0036BA5C /* Common */ = {
			isa = PBXGroup;
			children = (
				67F294E3246AEA4E0036BA5C /* UserVM.swift */,
				67F294F4246B2ADD0036BA5C /* SettingVM.swift */,
				67F294E5246AEB7F0036BA5C /* AppConstants.swift */,
				67F294E7246AEC000036BA5C /* DataManager.swift */,
				67F294F2246B0F5E0036BA5C /* FireBaseConstant.swift */,
			);
			path = Common;
			sourceTree = "<group>";
		};
		67F294F1246AFBB30036BA5C /* refer */ = {
			isa = PBXGroup;
			children = (
				67F294F0246AFBAF0036BA5C /* HappyDay-Bridging-Header.h */,
			);
			path = refer;
			sourceTree = "<group>";
		};
		67F294FC246BA23C0036BA5C /* Profile */ = {
			isa = PBXGroup;
			children = (
				67F294F8246BA2340036BA5C /* profileTableSectionCell.swift */,
				67F294F9246BA2340036BA5C /* profileTableSectionCell.xib */,
				678C199C23D271B600906A8D /* profileItemTableViewCell.swift */,
				678C199D23D271B600906A8D /* profileItemTableViewCell.xib */,
				6792003B23CF944300C4872B /* profileTableViewCell.swift */,
				6792003C23CF944300C4872B /* profileTableViewCell.xib */,
				676B8BA9246C366A00BFF39D /* selfEvaluationCell.swift */,
				676B8BAA246C366A00BFF39D /* selfEvaluationCell.xib */,
			);
			path = Profile;
			sourceTree = "<group>";
		};
		8F51C3BE38111D25D67617FE /* Frameworks */ = {
			isa = PBXGroup;
			children = (
				394C0000A8A79953D7D4C0CA /* Pods_HappyDay.framework */,
				E1B49F48348D37F5B81708AD /* Pods_HappyDay_HappyDayUITests.framework */,
				8C3C7D73D21AC2ECDCEBDECC /* Pods_HappyDayTests.framework */,
			);
			name = Frameworks;
			sourceTree = "<group>";
		};
/* End PBXGroup section */

/* Begin PBXNativeTarget section */
		6775361223CC1DB7003B844E /* HappyDay */ = {
			isa = PBXNativeTarget;
			buildConfigurationList = 6775363D23CC1DBE003B844E /* Build configuration list for PBXNativeTarget "HappyDay" */;
			buildPhases = (
				7FDA2089B3F310E6319673CC /* [CP] Check Pods Manifest.lock */,
				6775360F23CC1DB7003B844E /* Sources */,
				6775361023CC1DB7003B844E /* Frameworks */,
				6775361123CC1DB7003B844E /* Resources */,
				DC2CE147B24BB1F547FF440E /* [CP] Embed Pods Frameworks */,
			);
			buildRules = (
			);
			dependencies = (
			);
			name = HappyDay;
			productName = HappyDay;
			productReference = 6775361323CC1DB7003B844E /* HappyDay.app */;
			productType = "com.apple.product-type.application";
		};
		6775362823CC1DBE003B844E /* HappyDayTests */ = {
			isa = PBXNativeTarget;
			buildConfigurationList = 6775364023CC1DBE003B844E /* Build configuration list for PBXNativeTarget "HappyDayTests" */;
			buildPhases = (
				023D5E78D079965F6747F4AE /* [CP] Check Pods Manifest.lock */,
				6775362523CC1DBE003B844E /* Sources */,
				6775362623CC1DBE003B844E /* Frameworks */,
				6775362723CC1DBE003B844E /* Resources */,
			);
			buildRules = (
			);
			dependencies = (
				6775362B23CC1DBE003B844E /* PBXTargetDependency */,
			);
			name = HappyDayTests;
			productName = HappyDayTests;
			productReference = 6775362923CC1DBE003B844E /* HappyDayTests.xctest */;
			productType = "com.apple.product-type.bundle.unit-test";
		};
		6775363323CC1DBE003B844E /* HappyDayUITests */ = {
			isa = PBXNativeTarget;
			buildConfigurationList = 6775364323CC1DBE003B844E /* Build configuration list for PBXNativeTarget "HappyDayUITests" */;
			buildPhases = (
				0D2074E894C09AA529A19E27 /* [CP] Check Pods Manifest.lock */,
				6775363023CC1DBE003B844E /* Sources */,
				6775363123CC1DBE003B844E /* Frameworks */,
				6775363223CC1DBE003B844E /* Resources */,
				CDEB1F01A1AC8E1BECD26835 /* [CP] Embed Pods Frameworks */,
			);
			buildRules = (
			);
			dependencies = (
				6775363623CC1DBE003B844E /* PBXTargetDependency */,
			);
			name = HappyDayUITests;
			productName = HappyDayUITests;
			productReference = 6775363423CC1DBE003B844E /* HappyDayUITests.xctest */;
			productType = "com.apple.product-type.bundle.ui-testing";
		};
/* End PBXNativeTarget section */

/* Begin PBXProject section */
		6775360B23CC1DB7003B844E /* Project object */ = {
			isa = PBXProject;
			attributes = {
				LastSwiftUpdateCheck = 1130;
				LastUpgradeCheck = 1130;
				ORGANIZATIONNAME = "Panda Star";
				TargetAttributes = {
					6775361223CC1DB7003B844E = {
						CreatedOnToolsVersion = 11.3;
						LastSwiftMigration = 1130;
					};
					6775362823CC1DBE003B844E = {
						CreatedOnToolsVersion = 11.3;
						TestTargetID = 6775361223CC1DB7003B844E;
					};
					6775363323CC1DBE003B844E = {
						CreatedOnToolsVersion = 11.3;
						TestTargetID = 6775361223CC1DB7003B844E;
					};
				};
			};
			buildConfigurationList = 6775360E23CC1DB7003B844E /* Build configuration list for PBXProject "HappyDay" */;
			compatibilityVersion = "Xcode 9.3";
			developmentRegion = en;
			hasScannedForEncodings = 0;
			knownRegions = (
				en,
				Base,
			);
			mainGroup = 6775360A23CC1DB7003B844E;
			productRefGroup = 6775361423CC1DB7003B844E /* Products */;
			projectDirPath = "";
			projectRoot = "";
			targets = (
				6775361223CC1DB7003B844E /* HappyDay */,
				6775362823CC1DBE003B844E /* HappyDayTests */,
				6775363323CC1DBE003B844E /* HappyDayUITests */,
			);
		};
/* End PBXProject section */

/* Begin PBXResourcesBuildPhase section */
		6775361123CC1DB7003B844E /* Resources */ = {
			isa = PBXResourcesBuildPhase;
			buildActionMask = 2147483647;
			files = (
				6792003223CE804700C4872B /* listCollectionViewCell.xib in Resources */,
				676B8BAC246C366A00BFF39D /* selfEvaluationCell.xib in Resources */,
				678C19A523D39F2100906A8D /* footTableViewCell.xib in Resources */,
				6783EBF423D7FD8C009DC0A3 /* sound1.m4a in Resources */,
				6792003E23CF944300C4872B /* profileTableViewCell.xib in Resources */,
				6792003823CE8CAE00C4872B /* searchTableViewCell.xib in Resources */,
				6792007D23D1F6E400C4872B /* personalPageCollectionCell.xib in Resources */,
				6775362323CC1DBE003B844E /* LaunchScreen.storyboard in Resources */,
				6775362023CC1DBE003B844E /* Assets.xcassets in Resources */,
				67F294FB246BA2340036BA5C /* profileTableSectionCell.xib in Resources */,
				6792005823D1249A00C4872B /* chatTableCell.xib in Resources */,
				67A4B40323D9021100F39C10 /* addContentView.xib in Resources */,
				6783EBF323D7FD8C009DC0A3 /* sound2.m4a in Resources */,
				6741F470246AD64C007E9B93 /* GoogleService-Info.plist in Resources */,
				6780C90123CD6DD500A54733 /* MyCustomCell.xib in Resources */,
				678C199F23D271B700906A8D /* profileItemTableViewCell.xib in Resources */,
				6792002E23CE793900C4872B /* galleryCollectionViewCell.xib in Resources */,
				6775361E23CC1DB7003B844E /* Main.storyboard in Resources */,
				6792002423CE57CC00C4872B /* largeCollectionViewCell.xib in Resources */,
				6792004A23D00AEB00C4872B /* postTableViewCell.xib in Resources */,
			);
			runOnlyForDeploymentPostprocessing = 0;
		};
		6775362723CC1DBE003B844E /* Resources */ = {
			isa = PBXResourcesBuildPhase;
			buildActionMask = 2147483647;
			files = (
			);
			runOnlyForDeploymentPostprocessing = 0;
		};
		6775363223CC1DBE003B844E /* Resources */ = {
			isa = PBXResourcesBuildPhase;
			buildActionMask = 2147483647;
			files = (
			);
			runOnlyForDeploymentPostprocessing = 0;
		};
/* End PBXResourcesBuildPhase section */

/* Begin PBXShellScriptBuildPhase section */
		023D5E78D079965F6747F4AE /* [CP] Check Pods Manifest.lock */ = {
			isa = PBXShellScriptBuildPhase;
			buildActionMask = 2147483647;
			files = (
			);
			inputFileListPaths = (
			);
			inputPaths = (
				"${PODS_PODFILE_DIR_PATH}/Podfile.lock",
				"${PODS_ROOT}/Manifest.lock",
			);
			name = "[CP] Check Pods Manifest.lock";
			outputFileListPaths = (
			);
			outputPaths = (
				"$(DERIVED_FILE_DIR)/Pods-HappyDayTests-checkManifestLockResult.txt",
			);
			runOnlyForDeploymentPostprocessing = 0;
			shellPath = /bin/sh;
			shellScript = "diff \"${PODS_PODFILE_DIR_PATH}/Podfile.lock\" \"${PODS_ROOT}/Manifest.lock\" > /dev/null\nif [ $? != 0 ] ; then\n    # print error to STDERR\n    echo \"error: The sandbox is not in sync with the Podfile.lock. Run 'pod install' or update your CocoaPods installation.\" >&2\n    exit 1\nfi\n# This output is used by Xcode 'outputs' to avoid re-running this script phase.\necho \"SUCCESS\" > \"${SCRIPT_OUTPUT_FILE_0}\"\n";
			showEnvVarsInLog = 0;
		};
		0D2074E894C09AA529A19E27 /* [CP] Check Pods Manifest.lock */ = {
			isa = PBXShellScriptBuildPhase;
			buildActionMask = 2147483647;
			files = (
			);
			inputFileListPaths = (
			);
			inputPaths = (
				"${PODS_PODFILE_DIR_PATH}/Podfile.lock",
				"${PODS_ROOT}/Manifest.lock",
			);
			name = "[CP] Check Pods Manifest.lock";
			outputFileListPaths = (
			);
			outputPaths = (
				"$(DERIVED_FILE_DIR)/Pods-HappyDay-HappyDayUITests-checkManifestLockResult.txt",
			);
			runOnlyForDeploymentPostprocessing = 0;
			shellPath = /bin/sh;
			shellScript = "diff \"${PODS_PODFILE_DIR_PATH}/Podfile.lock\" \"${PODS_ROOT}/Manifest.lock\" > /dev/null\nif [ $? != 0 ] ; then\n    # print error to STDERR\n    echo \"error: The sandbox is not in sync with the Podfile.lock. Run 'pod install' or update your CocoaPods installation.\" >&2\n    exit 1\nfi\n# This output is used by Xcode 'outputs' to avoid re-running this script phase.\necho \"SUCCESS\" > \"${SCRIPT_OUTPUT_FILE_0}\"\n";
			showEnvVarsInLog = 0;
		};
		7FDA2089B3F310E6319673CC /* [CP] Check Pods Manifest.lock */ = {
			isa = PBXShellScriptBuildPhase;
			buildActionMask = 2147483647;
			files = (
			);
			inputFileListPaths = (
			);
			inputPaths = (
				"${PODS_PODFILE_DIR_PATH}/Podfile.lock",
				"${PODS_ROOT}/Manifest.lock",
			);
			name = "[CP] Check Pods Manifest.lock";
			outputFileListPaths = (
			);
			outputPaths = (
				"$(DERIVED_FILE_DIR)/Pods-HappyDay-checkManifestLockResult.txt",
			);
			runOnlyForDeploymentPostprocessing = 0;
			shellPath = /bin/sh;
			shellScript = "diff \"${PODS_PODFILE_DIR_PATH}/Podfile.lock\" \"${PODS_ROOT}/Manifest.lock\" > /dev/null\nif [ $? != 0 ] ; then\n    # print error to STDERR\n    echo \"error: The sandbox is not in sync with the Podfile.lock. Run 'pod install' or update your CocoaPods installation.\" >&2\n    exit 1\nfi\n# This output is used by Xcode 'outputs' to avoid re-running this script phase.\necho \"SUCCESS\" > \"${SCRIPT_OUTPUT_FILE_0}\"\n";
			showEnvVarsInLog = 0;
		};
		CDEB1F01A1AC8E1BECD26835 /* [CP] Embed Pods Frameworks */ = {
			isa = PBXShellScriptBuildPhase;
			buildActionMask = 2147483647;
			files = (
			);
			inputFileListPaths = (
				"${PODS_ROOT}/Target Support Files/Pods-HappyDay-HappyDayUITests/Pods-HappyDay-HappyDayUITests-frameworks-${CONFIGURATION}-input-files.xcfilelist",
			);
			name = "[CP] Embed Pods Frameworks";
			outputFileListPaths = (
				"${PODS_ROOT}/Target Support Files/Pods-HappyDay-HappyDayUITests/Pods-HappyDay-HappyDayUITests-frameworks-${CONFIGURATION}-output-files.xcfilelist",
			);
			runOnlyForDeploymentPostprocessing = 0;
			shellPath = /bin/sh;
			shellScript = "\"${PODS_ROOT}/Target Support Files/Pods-HappyDay-HappyDayUITests/Pods-HappyDay-HappyDayUITests-frameworks.sh\"\n";
			showEnvVarsInLog = 0;
		};
		DC2CE147B24BB1F547FF440E /* [CP] Embed Pods Frameworks */ = {
			isa = PBXShellScriptBuildPhase;
			buildActionMask = 2147483647;
			files = (
			);
			inputFileListPaths = (
				"${PODS_ROOT}/Target Support Files/Pods-HappyDay/Pods-HappyDay-frameworks-${CONFIGURATION}-input-files.xcfilelist",
			);
			name = "[CP] Embed Pods Frameworks";
			outputFileListPaths = (
				"${PODS_ROOT}/Target Support Files/Pods-HappyDay/Pods-HappyDay-frameworks-${CONFIGURATION}-output-files.xcfilelist",
			);
			runOnlyForDeploymentPostprocessing = 0;
			shellPath = /bin/sh;
			shellScript = "\"${PODS_ROOT}/Target Support Files/Pods-HappyDay/Pods-HappyDay-frameworks.sh\"\n";
			showEnvVarsInLog = 0;
		};
/* End PBXShellScriptBuildPhase section */

/* Begin PBXSourcesBuildPhase section */
		6775360F23CC1DB7003B844E /* Sources */ = {
			isa = PBXSourcesBuildPhase;
			buildActionMask = 2147483647;
			files = (
				67F294E4246AEA4E0036BA5C /* UserVM.swift in Sources */,
				6792007C23D1F6E400C4872B /* personalPageCollectionCell.swift in Sources */,
				6780C8DA23CCE2F900A54733 /* DesinableView.swift in Sources */,
				6792007923D1F3CB00C4872B /* personalPageVC.swift in Sources */,
				6783EBEA23D7FD11009DC0A3 /* UIViewController+Extensions.swift in Sources */,
				67F294F5246B2ADD0036BA5C /* SettingVM.swift in Sources */,
				6783EBDA23D7FB3C009DC0A3 /* BottomPopupPresentationController.swift in Sources */,
				6792002723CE597100C4872B /* person.swift in Sources */,
				6783EBE023D7FBDF009DC0A3 /* MockSocket.swift in Sources */,
				678C19AF23D3CF1B00906A8D /* favoriteListVC.swift in Sources */,
				6792001C23CE18A500C4872B /* mainPageVC.swift in Sources */,
				6792004223CFA7EA00C4872B /* contentforpostVC.swift in Sources */,
				6783EBC723D7DB2C009DC0A3 /* paymentStartVC.swift in Sources */,
				6783EBC923D7F3E7009DC0A3 /* BottomeSelectVC.swift in Sources */,
				6792005723D1249A00C4872B /* chatTableCell.swift in Sources */,
				6792002D23CE793900C4872B /* galleryCollectionViewCell.swift in Sources */,
				6792003723CE8CAE00C4872B /* searchTableViewCell.swift in Sources */,
				67A4B3FF23D84F6500F39C10 /* paymentConfirmVC.swift in Sources */,
				6792003A23CEB1F700C4872B /* profileImageCollectionCell.swift in Sources */,
				6792005423D123C000C4872B /* chatListVC.swift in Sources */,
				678C19A723D3B74D00906A8D /* ignoreListVC.swift in Sources */,
				6780C8CF23CC63CC00A54733 /* RoundButton.swift in Sources */,
				6783EBD323D7FB3C009DC0A3 /* BottomPopupUtils.swift in Sources */,
				6780C90323CDF45100A54733 /* facebookLoginVC.swift in Sources */,
				6783EBF923D7FE19009DC0A3 /* CustomCell.swift in Sources */,
				6792003D23CF944300C4872B /* profileTableViewCell.swift in Sources */,
				67F294E8246AEC000036BA5C /* DataManager.swift in Sources */,
				6780C8E023CD0E9F00A54733 /* CustomTableViewCell.swift in Sources */,
				6783EBD523D7FB3C009DC0A3 /* BottomPopupDismissInteractionController.swift in Sources */,
				6792004E23D0EF0A00C4872B /* createpostVC.swift in Sources */,
				6783EBD823D7FB3C009DC0A3 /* BottomPopupPresentAnimator.swift in Sources */,
				676B8BAB246C366A00BFF39D /* selfEvaluationCell.swift in Sources */,
				67F294F7246B9B3E0036BA5C /* Section.swift in Sources */,
				674B9DA923D68F8400FD2C48 /* AdvancedExampleViewController.swift in Sources */,
				6775361B23CC1DB7003B844E /* profileVC.swift in Sources */,
				6792005023D1067300C4872B /* searchTypeVC.swift in Sources */,
				678C19AD23D3C4A800906A8D /* noSeeVC.swift in Sources */,
				6783EBEC23D7FD31009DC0A3 /* Settings+UserDefaults.swift in Sources */,
				6780C8CD23CC4E5C00A54733 /* firstCollectionCell.swift in Sources */,
				6792003423CE874400C4872B /* searchVC.swift in Sources */,
				6792007723D168E600C4872B /* imageUploadVC.swift in Sources */,
				6780C8D623CCD1A400A54733 /* loginVC.swift in Sources */,
				6783EBF723D7FDB5009DC0A3 /* BasicAudioController.swift in Sources */,
				678C199723D216B900906A8D /* DesinableImageView.swift in Sources */,
				678C19A423D39F2100906A8D /* footTableViewCell.swift in Sources */,
				67A4B40123D901E800F39C10 /* addContentView.swift in Sources */,
				6775361723CC1DB7003B844E /* AppDelegate.swift in Sources */,
				678C199E23D271B700906A8D /* profileItemTableViewCell.swift in Sources */,
				6732AE3523DCF3A6009A495C /* profilePageViewController.swift in Sources */,
				6783EBD923D7FB3C009DC0A3 /* BottomPopupTransitionHandler.swift in Sources */,
				679FF84A23DAADD500C8BEDD /* message.swift in Sources */,
				6780C8DC23CCF76800A54733 /* selectDomainVC.swift in Sources */,
				6792001E23CE1C8400C4872B /* customTabBarVC.swift in Sources */,
				6792002A23CE6D5500C4872B /* UIImageView.swift in Sources */,
				6732AE3923DCFF95009A495C /* profileContentVC.swift in Sources */,
				678C199923D25E4D00906A8D /* mainProfileVC.swift in Sources */,
				67F294E1246AE84E0036BA5C /* BaseVC.swift in Sources */,
				6792005223D1207800C4872B /* chatBotVC.swift in Sources */,
				67A4B3FD23D84F4400F39C10 /* selectPaymentVC.swift in Sources */,
				6780C8CB23CC26E000A54733 /* FirstPageVC.swift in Sources */,
				6792004923D00AEB00C4872B /* postTableViewCell.swift in Sources */,
				6783EBD723D7FB3C009DC0A3 /* BottomPopupDismissAnimator.swift in Sources */,
				678C199B23D26A3800906A8D /* mainProfileItemVC.swift in Sources */,
				67F294E6246AEB7F0036BA5C /* AppConstants.swift in Sources */,
				6783EBDE23D7FBDF009DC0A3 /* MockMessage.swift in Sources */,
				6780C8DE23CCF7A500A54733 /* signUpVC.swift in Sources */,
				6775361923CC1DB7003B844E /* SceneDelegate.swift in Sources */,
				678C19AB23D3BB8000906A8D /* memoListVC.swift in Sources */,
				6783EBD423D7FB3C009DC0A3 /* BottomPopupViewController.swift in Sources */,
				678C19A923D3BAD900906A8D /* friendListVC.swift in Sources */,
				6792002323CE57CC00C4872B /* largeCollectionViewCell.swift in Sources */,
				67F294FA246BA2340036BA5C /* profileTableSectionCell.swift in Sources */,
				67F294F3246B0F5E0036BA5C /* FireBaseConstant.swift in Sources */,
				6783EBE423D7FC7F009DC0A3 /* Lorem.swift in Sources */,
				6792003123CE804700C4872B /* listCollectionViewCell.swift in Sources */,
				6783EBEF23D7FD59009DC0A3 /* CustomMessageFlowLayout.swift in Sources */,
				6783EBD623D7FB3C009DC0A3 /* BottomPopupNavigationController.swift in Sources */,
				678C19A123D2C02800906A8D /* footVC.swift in Sources */,
				6783EBC523D7C2B1009DC0A3 /* pointChangeVC.swift in Sources */,
				6792004C23D0DF0700C4872B /* playnowVC.swift in Sources */,
				674B9DA823D68F8400FD2C48 /* ChatViewController.swift in Sources */,
				6792004023CFA74400C4872B /* postVC.swift in Sources */,
				6783EBDF23D7FBDF009DC0A3 /* MockUser.swift in Sources */,
				6783EBE523D7FC7F009DC0A3 /* SampleData.swift in Sources */,
				6792005E23D1616000C4872B /* chatRoomVC.swift in Sources */,
			);
			runOnlyForDeploymentPostprocessing = 0;
		};
		6775362523CC1DBE003B844E /* Sources */ = {
			isa = PBXSourcesBuildPhase;
			buildActionMask = 2147483647;
			files = (
				6775362E23CC1DBE003B844E /* HappyDayTests.swift in Sources */,
			);
			runOnlyForDeploymentPostprocessing = 0;
		};
		6775363023CC1DBE003B844E /* Sources */ = {
			isa = PBXSourcesBuildPhase;
			buildActionMask = 2147483647;
			files = (
				6775363923CC1DBE003B844E /* HappyDayUITests.swift in Sources */,
			);
			runOnlyForDeploymentPostprocessing = 0;
		};
/* End PBXSourcesBuildPhase section */

/* Begin PBXTargetDependency section */
		6775362B23CC1DBE003B844E /* PBXTargetDependency */ = {
			isa = PBXTargetDependency;
			target = 6775361223CC1DB7003B844E /* HappyDay */;
			targetProxy = 6775362A23CC1DBE003B844E /* PBXContainerItemProxy */;
		};
		6775363623CC1DBE003B844E /* PBXTargetDependency */ = {
			isa = PBXTargetDependency;
			target = 6775361223CC1DB7003B844E /* HappyDay */;
			targetProxy = 6775363523CC1DBE003B844E /* PBXContainerItemProxy */;
		};
/* End PBXTargetDependency section */

/* Begin PBXVariantGroup section */
		6775361C23CC1DB7003B844E /* Main.storyboard */ = {
			isa = PBXVariantGroup;
			children = (
				6775361D23CC1DB7003B844E /* Base */,
			);
			name = Main.storyboard;
			sourceTree = "<group>";
		};
		6775362123CC1DBE003B844E /* LaunchScreen.storyboard */ = {
			isa = PBXVariantGroup;
			children = (
				6775362223CC1DBE003B844E /* Base */,
			);
			name = LaunchScreen.storyboard;
			sourceTree = "<group>";
		};
/* End PBXVariantGroup section */

/* Begin XCBuildConfiguration section */
		6775363B23CC1DBE003B844E /* Debug */ = {
			isa = XCBuildConfiguration;
			buildSettings = {
				ALWAYS_SEARCH_USER_PATHS = NO;
				CLANG_ANALYZER_NONNULL = YES;
				CLANG_ANALYZER_NUMBER_OBJECT_CONVERSION = YES_AGGRESSIVE;
				CLANG_CXX_LANGUAGE_STANDARD = "gnu++14";
				CLANG_CXX_LIBRARY = "libc++";
				CLANG_ENABLE_MODULES = YES;
				CLANG_ENABLE_OBJC_ARC = YES;
				CLANG_ENABLE_OBJC_WEAK = YES;
				CLANG_WARN_BLOCK_CAPTURE_AUTORELEASING = YES;
				CLANG_WARN_BOOL_CONVERSION = YES;
				CLANG_WARN_COMMA = YES;
				CLANG_WARN_CONSTANT_CONVERSION = YES;
				CLANG_WARN_DEPRECATED_OBJC_IMPLEMENTATIONS = YES;
				CLANG_WARN_DIRECT_OBJC_ISA_USAGE = YES_ERROR;
				CLANG_WARN_DOCUMENTATION_COMMENTS = YES;
				CLANG_WARN_EMPTY_BODY = YES;
				CLANG_WARN_ENUM_CONVERSION = YES;
				CLANG_WARN_INFINITE_RECURSION = YES;
				CLANG_WARN_INT_CONVERSION = YES;
				CLANG_WARN_NON_LITERAL_NULL_CONVERSION = YES;
				CLANG_WARN_OBJC_IMPLICIT_RETAIN_SELF = YES;
				CLANG_WARN_OBJC_LITERAL_CONVERSION = YES;
				CLANG_WARN_OBJC_ROOT_CLASS = YES_ERROR;
				CLANG_WARN_RANGE_LOOP_ANALYSIS = YES;
				CLANG_WARN_STRICT_PROTOTYPES = YES;
				CLANG_WARN_SUSPICIOUS_MOVE = YES;
				CLANG_WARN_UNGUARDED_AVAILABILITY = YES_AGGRESSIVE;
				CLANG_WARN_UNREACHABLE_CODE = YES;
				CLANG_WARN__DUPLICATE_METHOD_MATCH = YES;
				COPY_PHASE_STRIP = NO;
				DEBUG_INFORMATION_FORMAT = dwarf;
				ENABLE_STRICT_OBJC_MSGSEND = YES;
				ENABLE_TESTABILITY = YES;
				GCC_C_LANGUAGE_STANDARD = gnu11;
				GCC_DYNAMIC_NO_PIC = NO;
				GCC_NO_COMMON_BLOCKS = YES;
				GCC_OPTIMIZATION_LEVEL = 0;
				GCC_PREPROCESSOR_DEFINITIONS = (
					"DEBUG=1",
					"$(inherited)",
				);
				GCC_WARN_64_TO_32_BIT_CONVERSION = YES;
				GCC_WARN_ABOUT_RETURN_TYPE = YES_ERROR;
				GCC_WARN_UNDECLARED_SELECTOR = YES;
				GCC_WARN_UNINITIALIZED_AUTOS = YES_AGGRESSIVE;
				GCC_WARN_UNUSED_FUNCTION = YES;
				GCC_WARN_UNUSED_VARIABLE = YES;
				IPHONEOS_DEPLOYMENT_TARGET = 13.2;
				MTL_ENABLE_DEBUG_INFO = INCLUDE_SOURCE;
				MTL_FAST_MATH = YES;
				ONLY_ACTIVE_ARCH = YES;
				SDKROOT = iphoneos;
				SWIFT_ACTIVE_COMPILATION_CONDITIONS = DEBUG;
				SWIFT_OPTIMIZATION_LEVEL = "-Onone";
			};
			name = Debug;
		};
		6775363C23CC1DBE003B844E /* Release */ = {
			isa = XCBuildConfiguration;
			buildSettings = {
				ALWAYS_SEARCH_USER_PATHS = NO;
				CLANG_ANALYZER_NONNULL = YES;
				CLANG_ANALYZER_NUMBER_OBJECT_CONVERSION = YES_AGGRESSIVE;
				CLANG_CXX_LANGUAGE_STANDARD = "gnu++14";
				CLANG_CXX_LIBRARY = "libc++";
				CLANG_ENABLE_MODULES = YES;
				CLANG_ENABLE_OBJC_ARC = YES;
				CLANG_ENABLE_OBJC_WEAK = YES;
				CLANG_WARN_BLOCK_CAPTURE_AUTORELEASING = YES;
				CLANG_WARN_BOOL_CONVERSION = YES;
				CLANG_WARN_COMMA = YES;
				CLANG_WARN_CONSTANT_CONVERSION = YES;
				CLANG_WARN_DEPRECATED_OBJC_IMPLEMENTATIONS = YES;
				CLANG_WARN_DIRECT_OBJC_ISA_USAGE = YES_ERROR;
				CLANG_WARN_DOCUMENTATION_COMMENTS = YES;
				CLANG_WARN_EMPTY_BODY = YES;
				CLANG_WARN_ENUM_CONVERSION = YES;
				CLANG_WARN_INFINITE_RECURSION = YES;
				CLANG_WARN_INT_CONVERSION = YES;
				CLANG_WARN_NON_LITERAL_NULL_CONVERSION = YES;
				CLANG_WARN_OBJC_IMPLICIT_RETAIN_SELF = YES;
				CLANG_WARN_OBJC_LITERAL_CONVERSION = YES;
				CLANG_WARN_OBJC_ROOT_CLASS = YES_ERROR;
				CLANG_WARN_RANGE_LOOP_ANALYSIS = YES;
				CLANG_WARN_STRICT_PROTOTYPES = YES;
				CLANG_WARN_SUSPICIOUS_MOVE = YES;
				CLANG_WARN_UNGUARDED_AVAILABILITY = YES_AGGRESSIVE;
				CLANG_WARN_UNREACHABLE_CODE = YES;
				CLANG_WARN__DUPLICATE_METHOD_MATCH = YES;
				COPY_PHASE_STRIP = NO;
				DEBUG_INFORMATION_FORMAT = "dwarf-with-dsym";
				ENABLE_NS_ASSERTIONS = NO;
				ENABLE_STRICT_OBJC_MSGSEND = YES;
				GCC_C_LANGUAGE_STANDARD = gnu11;
				GCC_NO_COMMON_BLOCKS = YES;
				GCC_WARN_64_TO_32_BIT_CONVERSION = YES;
				GCC_WARN_ABOUT_RETURN_TYPE = YES_ERROR;
				GCC_WARN_UNDECLARED_SELECTOR = YES;
				GCC_WARN_UNINITIALIZED_AUTOS = YES_AGGRESSIVE;
				GCC_WARN_UNUSED_FUNCTION = YES;
				GCC_WARN_UNUSED_VARIABLE = YES;
				IPHONEOS_DEPLOYMENT_TARGET = 13.2;
				MTL_ENABLE_DEBUG_INFO = NO;
				MTL_FAST_MATH = YES;
				SDKROOT = iphoneos;
				SWIFT_COMPILATION_MODE = wholemodule;
				SWIFT_OPTIMIZATION_LEVEL = "-O";
				VALIDATE_PRODUCT = YES;
			};
			name = Release;
		};
		6775363E23CC1DBE003B844E /* Debug */ = {
			isa = XCBuildConfiguration;
			baseConfigurationReference = 5BC3BA98B7574F132D655A3A /* Pods-HappyDay.debug.xcconfig */;
			buildSettings = {
				ASSETCATALOG_COMPILER_APPICON_NAME = AppIcon;
				CLANG_ENABLE_MODULES = YES;
				CODE_SIGN_STYLE = Automatic;
				DEVELOPMENT_TEAM = 7V4WMR5FKB;
				INFOPLIST_FILE = HappyDay/Info.plist;
				LD_RUNPATH_SEARCH_PATHS = (
					"$(inherited)",
					"@executable_path/Frameworks",
				);
				PRODUCT_BUNDLE_IDENTIFIER = com.phone.HappyDay;
				PRODUCT_NAME = "$(TARGET_NAME)";
				SWIFT_OBJC_BRIDGING_HEADER = "HappyDay/refer/HappyDay-Bridging-Header.h";
				SWIFT_OPTIMIZATION_LEVEL = "-Onone";
				SWIFT_VERSION = 5.0;
				TARGETED_DEVICE_FAMILY = "1,2";
			};
			name = Debug;
		};
		6775363F23CC1DBE003B844E /* Release */ = {
			isa = XCBuildConfiguration;
			baseConfigurationReference = 816B3844B379EFCADB3A6869 /* Pods-HappyDay.release.xcconfig */;
			buildSettings = {
				ASSETCATALOG_COMPILER_APPICON_NAME = AppIcon;
				CLANG_ENABLE_MODULES = YES;
				CODE_SIGN_STYLE = Automatic;
				DEVELOPMENT_TEAM = 7V4WMR5FKB;
				INFOPLIST_FILE = HappyDay/Info.plist;
				LD_RUNPATH_SEARCH_PATHS = (
					"$(inherited)",
					"@executable_path/Frameworks",
				);
				PRODUCT_BUNDLE_IDENTIFIER = com.phone.HappyDay;
				PRODUCT_NAME = "$(TARGET_NAME)";
				SWIFT_OBJC_BRIDGING_HEADER = "HappyDay/refer/HappyDay-Bridging-Header.h";
				SWIFT_VERSION = 5.0;
				TARGETED_DEVICE_FAMILY = "1,2";
			};
			name = Release;
		};
		6775364123CC1DBE003B844E /* Debug */ = {
			isa = XCBuildConfiguration;
			baseConfigurationReference = CC4FA848E9EC4AF2BCC2D542 /* Pods-HappyDayTests.debug.xcconfig */;
			buildSettings = {
				ALWAYS_EMBED_SWIFT_STANDARD_LIBRARIES = YES;
				BUNDLE_LOADER = "$(TEST_HOST)";
				CODE_SIGN_STYLE = Automatic;
				DEVELOPMENT_TEAM = 7V4WMR5FKB;
				INFOPLIST_FILE = HappyDayTests/Info.plist;
				IPHONEOS_DEPLOYMENT_TARGET = 13.2;
				LD_RUNPATH_SEARCH_PATHS = (
					"$(inherited)",
					"@executable_path/Frameworks",
					"@loader_path/Frameworks",
				);
				PRODUCT_BUNDLE_IDENTIFIER = com.phone.auth.HappyDayTests;
				PRODUCT_NAME = "$(TARGET_NAME)";
				SWIFT_VERSION = 5.0;
				TARGETED_DEVICE_FAMILY = "1,2";
				TEST_HOST = "$(BUILT_PRODUCTS_DIR)/HappyDay.app/HappyDay";
			};
			name = Debug;
		};
		6775364223CC1DBE003B844E /* Release */ = {
			isa = XCBuildConfiguration;
			baseConfigurationReference = C6F69401A9A7D16E20F3DD16 /* Pods-HappyDayTests.release.xcconfig */;
			buildSettings = {
				ALWAYS_EMBED_SWIFT_STANDARD_LIBRARIES = YES;
				BUNDLE_LOADER = "$(TEST_HOST)";
				CODE_SIGN_STYLE = Automatic;
				DEVELOPMENT_TEAM = 7V4WMR5FKB;
				INFOPLIST_FILE = HappyDayTests/Info.plist;
				IPHONEOS_DEPLOYMENT_TARGET = 13.2;
				LD_RUNPATH_SEARCH_PATHS = (
					"$(inherited)",
					"@executable_path/Frameworks",
					"@loader_path/Frameworks",
				);
				PRODUCT_BUNDLE_IDENTIFIER = com.phone.auth.HappyDayTests;
				PRODUCT_NAME = "$(TARGET_NAME)";
				SWIFT_VERSION = 5.0;
				TARGETED_DEVICE_FAMILY = "1,2";
				TEST_HOST = "$(BUILT_PRODUCTS_DIR)/HappyDay.app/HappyDay";
			};
			name = Release;
		};
		6775364423CC1DBE003B844E /* Debug */ = {
			isa = XCBuildConfiguration;
			baseConfigurationReference = 24509974E7E1B9E5455A3894 /* Pods-HappyDay-HappyDayUITests.debug.xcconfig */;
			buildSettings = {
				ALWAYS_EMBED_SWIFT_STANDARD_LIBRARIES = YES;
				CODE_SIGN_STYLE = Automatic;
				DEVELOPMENT_TEAM = 7V4WMR5FKB;
				INFOPLIST_FILE = HappyDayUITests/Info.plist;
				LD_RUNPATH_SEARCH_PATHS = (
					"$(inherited)",
					"@executable_path/Frameworks",
					"@loader_path/Frameworks",
				);
				PRODUCT_BUNDLE_IDENTIFIER = com.phone.auth.HappyDayUITests;
				PRODUCT_NAME = "$(TARGET_NAME)";
				SWIFT_VERSION = 5.0;
				TARGETED_DEVICE_FAMILY = "1,2";
				TEST_TARGET_NAME = HappyDay;
			};
			name = Debug;
		};
		6775364523CC1DBE003B844E /* Release */ = {
			isa = XCBuildConfiguration;
			baseConfigurationReference = 938B1294C611B0EAAEE1E917 /* Pods-HappyDay-HappyDayUITests.release.xcconfig */;
			buildSettings = {
				ALWAYS_EMBED_SWIFT_STANDARD_LIBRARIES = YES;
				CODE_SIGN_STYLE = Automatic;
				DEVELOPMENT_TEAM = 7V4WMR5FKB;
				INFOPLIST_FILE = HappyDayUITests/Info.plist;
				LD_RUNPATH_SEARCH_PATHS = (
					"$(inherited)",
					"@executable_path/Frameworks",
					"@loader_path/Frameworks",
				);
				PRODUCT_BUNDLE_IDENTIFIER = com.phone.auth.HappyDayUITests;
				PRODUCT_NAME = "$(TARGET_NAME)";
				SWIFT_VERSION = 5.0;
				TARGETED_DEVICE_FAMILY = "1,2";
				TEST_TARGET_NAME = HappyDay;
			};
			name = Release;
		};
/* End XCBuildConfiguration section */

/* Begin XCConfigurationList section */
		6775360E23CC1DB7003B844E /* Build configuration list for PBXProject "HappyDay" */ = {
			isa = XCConfigurationList;
			buildConfigurations = (
				6775363B23CC1DBE003B844E /* Debug */,
				6775363C23CC1DBE003B844E /* Release */,
			);
			defaultConfigurationIsVisible = 0;
			defaultConfigurationName = Release;
		};
		6775363D23CC1DBE003B844E /* Build configuration list for PBXNativeTarget "HappyDay" */ = {
			isa = XCConfigurationList;
			buildConfigurations = (
				6775363E23CC1DBE003B844E /* Debug */,
				6775363F23CC1DBE003B844E /* Release */,
			);
			defaultConfigurationIsVisible = 0;
			defaultConfigurationName = Release;
		};
		6775364023CC1DBE003B844E /* Build configuration list for PBXNativeTarget "HappyDayTests" */ = {
			isa = XCConfigurationList;
			buildConfigurations = (
				6775364123CC1DBE003B844E /* Debug */,
				6775364223CC1DBE003B844E /* Release */,
			);
			defaultConfigurationIsVisible = 0;
			defaultConfigurationName = Release;
		};
		6775364323CC1DBE003B844E /* Build configuration list for PBXNativeTarget "HappyDayUITests" */ = {
			isa = XCConfigurationList;
			buildConfigurations = (
				6775364423CC1DBE003B844E /* Debug */,
				6775364523CC1DBE003B844E /* Release */,
			);
			defaultConfigurationIsVisible = 0;
			defaultConfigurationName = Release;
		};
/* End XCConfigurationList section */
	};
	rootObject = 6775360B23CC1DB7003B844E /* Project object */;
}
